// !$*UTF8*$!
{
	archiveVersion = 1;
	classes = {
	};
	objectVersion = 56;
	objects = {

/* Begin PBXBuildFile section */
		B329D65B2B394979000A17C9 /* Voice_ChatApp.swift in Sources */ = {isa = PBXBuildFile; fileRef = B329D65A2B394979000A17C9 /* Voice_ChatApp.swift */; };
		B329D65F2B39497A000A17C9 /* Assets.xcassets in Resources */ = {isa = PBXBuildFile; fileRef = B329D65E2B39497A000A17C9 /* Assets.xcassets */; };
		B329D6622B39497A000A17C9 /* Preview Assets.xcassets in Resources */ = {isa = PBXBuildFile; fileRef = B329D6612B39497A000A17C9 /* Preview Assets.xcassets */; };
		B4A629592B59617A006125B5 /* ChatViewModel.swift in Sources */ = {isa = PBXBuildFile; fileRef = B4A629582B59617A006125B5 /* ChatViewModel.swift */; };
		B4E916D32B4BD83D00E49A6B /* ChatView.swift in Sources */ = {isa = PBXBuildFile; fileRef = B4E916D22B4BD83D00E49A6B /* ChatView.swift */; };
		B4E916D52B4BDBD900E49A6B /* ChatModel.swift in Sources */ = {isa = PBXBuildFile; fileRef = B4E916D42B4BDBD900E49A6B /* ChatModel.swift */; };
		B4E916DF2B4BF0E500E49A6B /* VoiceViewModel.swift in Sources */ = {isa = PBXBuildFile; fileRef = B4E916DE2B4BF0E500E49A6B /* VoiceViewModel.swift */; };
		FD0577A52CB626FD009FC45C /* SettingsViewModel.swift in Sources */ = {isa = PBXBuildFile; fileRef = FD0577A42CB626FD009FC45C /* SettingsViewModel.swift */; };
		FD0B94DF2CD9080700DBFA1D /* ChatSessionsViewModel.swift in Sources */ = {isa = PBXBuildFile; fileRef = FD0B94DE2CD9080700DBFA1D /* ChatSessionsViewModel.swift */; };
		FD0B94E12CD9082600DBFA1D /* ChatSession.swift in Sources */ = {isa = PBXBuildFile; fileRef = FD0B94E02CD9082600DBFA1D /* ChatSession.swift */; };
		FD0B94E32CD9095C00DBFA1D /* SidebarView.swift in Sources */ = {isa = PBXBuildFile; fileRef = FD0B94E22CD9095C00DBFA1D /* SidebarView.swift */; };
		FD0B94E72CD90A2500DBFA1D /* ChatMessage.swift in Sources */ = {isa = PBXBuildFile; fileRef = FD0B94E62CD90A2500DBFA1D /* ChatMessage.swift */; };
		FD0C3AB22C9F38F2009095A1 /* SettingsView.swift in Sources */ = {isa = PBXBuildFile; fileRef = FD0C3AB12C9F38F2009095A1 /* SettingsView.swift */; };
		FD0C3AC72C9F54A9009095A1 /* Models.swift in Sources */ = {isa = PBXBuildFile; fileRef = FD0C3AC62C9F54A9009095A1 /* Models.swift */; };
		FD2DD7D12D65A76900D124A6 /* SideMenuContainerViewController.swift in Sources */ = {isa = PBXBuildFile; fileRef = FD2DD7D02D65A76900D124A6 /* SideMenuContainerViewController.swift */; };
		FD2DD7D32D65A7A200D124A6 /* MainContentView.swift in Sources */ = {isa = PBXBuildFile; fileRef = FD2DD7D22D65A7A200D124A6 /* MainContentView.swift */; };
		FD40D5722CA871120064E732 /* AudioPlayerView.swift in Sources */ = {isa = PBXBuildFile; fileRef = FD40D5712CA871120064E732 /* AudioPlayerView.swift */; };
		FD40D5742CA875CC0064E732 /* ContentView.swift in Sources */ = {isa = PBXBuildFile; fileRef = FD40D5732CA875CC0064E732 /* ContentView.swift */; };
		FD40D5762CA876010064E732 /* GlobalAudioManager.swift in Sources */ = {isa = PBXBuildFile; fileRef = FD40D5752CA876010064E732 /* GlobalAudioManager.swift */; };
		FD6E97252CA92C840086C234 /* SettingsModel.swift in Sources */ = {isa = PBXBuildFile; fileRef = FD6E97242CA92C840086C234 /* SettingsModel.swift */; };
		FD7AF1B42CD896B900A5080B /* BlurView.swift in Sources */ = {isa = PBXBuildFile; fileRef = FD7AF1B32CD896B900A5080B /* BlurView.swift */; };
/* End PBXBuildFile section */

/* Begin PBXFileReference section */
		B329D6572B394979000A17C9 /* Voice Chat.app */ = {isa = PBXFileReference; explicitFileType = wrapper.application; includeInIndex = 0; path = "Voice Chat.app"; sourceTree = BUILT_PRODUCTS_DIR; };
		B329D65A2B394979000A17C9 /* Voice_ChatApp.swift */ = {isa = PBXFileReference; lastKnownFileType = sourcecode.swift; path = Voice_ChatApp.swift; sourceTree = "<group>"; };
		B329D65E2B39497A000A17C9 /* Assets.xcassets */ = {isa = PBXFileReference; lastKnownFileType = folder.assetcatalog; path = Assets.xcassets; sourceTree = "<group>"; };
		B329D6612B39497A000A17C9 /* Preview Assets.xcassets */ = {isa = PBXFileReference; lastKnownFileType = folder.assetcatalog; path = "Preview Assets.xcassets"; sourceTree = "<group>"; };
		B4A629582B59617A006125B5 /* ChatViewModel.swift */ = {isa = PBXFileReference; lastKnownFileType = sourcecode.swift; path = ChatViewModel.swift; sourceTree = "<group>"; };
		B4E916D22B4BD83D00E49A6B /* ChatView.swift */ = {isa = PBXFileReference; lastKnownFileType = sourcecode.swift; path = ChatView.swift; sourceTree = "<group>"; };
		B4E916D42B4BDBD900E49A6B /* ChatModel.swift */ = {isa = PBXFileReference; lastKnownFileType = sourcecode.swift; path = ChatModel.swift; sourceTree = "<group>"; };
		B4E916DE2B4BF0E500E49A6B /* VoiceViewModel.swift */ = {isa = PBXFileReference; lastKnownFileType = sourcecode.swift; path = VoiceViewModel.swift; sourceTree = "<group>"; };
		FD0577A42CB626FD009FC45C /* SettingsViewModel.swift */ = {isa = PBXFileReference; lastKnownFileType = sourcecode.swift; name = SettingsViewModel.swift; path = "Voice Chat/ViewModel/SettingsViewModel.swift"; sourceTree = SOURCE_ROOT; };
		FD0B94DD2CD8E63500DBFA1D /* Voice Chat.entitlements */ = {isa = PBXFileReference; lastKnownFileType = text.plist.entitlements; path = "Voice Chat.entitlements"; sourceTree = "<group>"; };
		FD0B94DE2CD9080700DBFA1D /* ChatSessionsViewModel.swift */ = {isa = PBXFileReference; lastKnownFileType = sourcecode.swift; path = ChatSessionsViewModel.swift; sourceTree = "<group>"; };
		FD0B94E02CD9082600DBFA1D /* ChatSession.swift */ = {isa = PBXFileReference; lastKnownFileType = sourcecode.swift; name = ChatSession.swift; path = "Voice Chat/Model/ChatSession.swift"; sourceTree = SOURCE_ROOT; };
		FD0B94E22CD9095C00DBFA1D /* SidebarView.swift */ = {isa = PBXFileReference; lastKnownFileType = sourcecode.swift; path = SidebarView.swift; sourceTree = "<group>"; };
		FD0B94E62CD90A2500DBFA1D /* ChatMessage.swift */ = {isa = PBXFileReference; lastKnownFileType = sourcecode.swift; path = ChatMessage.swift; sourceTree = "<group>"; };
		FD0C3AB12C9F38F2009095A1 /* SettingsView.swift */ = {isa = PBXFileReference; lastKnownFileType = sourcecode.swift; path = SettingsView.swift; sourceTree = "<group>"; };
		FD0C3AC62C9F54A9009095A1 /* Models.swift */ = {isa = PBXFileReference; lastKnownFileType = sourcecode.swift; path = Models.swift; sourceTree = "<group>"; };
		FD2DD7D02D65A76900D124A6 /* SideMenuContainerViewController.swift */ = {isa = PBXFileReference; lastKnownFileType = sourcecode.swift; path = SideMenuContainerViewController.swift; sourceTree = "<group>"; };
		FD2DD7D22D65A7A200D124A6 /* MainContentView.swift */ = {isa = PBXFileReference; lastKnownFileType = sourcecode.swift; path = MainContentView.swift; sourceTree = "<group>"; };
		FD40D5712CA871120064E732 /* AudioPlayerView.swift */ = {isa = PBXFileReference; lastKnownFileType = sourcecode.swift; path = AudioPlayerView.swift; sourceTree = "<group>"; };
		FD40D5732CA875CC0064E732 /* ContentView.swift */ = {isa = PBXFileReference; lastKnownFileType = sourcecode.swift; path = ContentView.swift; sourceTree = "<group>"; };
		FD40D5752CA876010064E732 /* GlobalAudioManager.swift */ = {isa = PBXFileReference; lastKnownFileType = sourcecode.swift; path = GlobalAudioManager.swift; sourceTree = "<group>"; };
		FD6E97242CA92C840086C234 /* SettingsModel.swift */ = {isa = PBXFileReference; lastKnownFileType = sourcecode.swift; path = SettingsModel.swift; sourceTree = "<group>"; };
		FD7AF1B32CD896B900A5080B /* BlurView.swift */ = {isa = PBXFileReference; lastKnownFileType = sourcecode.swift; path = BlurView.swift; sourceTree = "<group>"; };
/* End PBXFileReference section */

/* Begin PBXFrameworksBuildPhase section */
		B329D6542B394979000A17C9 /* Frameworks */ = {
			isa = PBXFrameworksBuildPhase;
			buildActionMask = 2147483647;
			files = (
			);
			runOnlyForDeploymentPostprocessing = 0;
		};
/* End PBXFrameworksBuildPhase section */

/* Begin PBXGroup section */
		B329D64E2B394979000A17C9 = {
			isa = PBXGroup;
			children = (
				B329D6592B394979000A17C9 /* Voice Chat */,
				B329D6582B394979000A17C9 /* Products */,
			);
			sourceTree = "<group>";
		};
		B329D6582B394979000A17C9 /* Products */ = {
			isa = PBXGroup;
			children = (
				B329D6572B394979000A17C9 /* Voice Chat.app */,
			);
			name = Products;
			sourceTree = "<group>";
		};
		B329D6592B394979000A17C9 /* Voice Chat */ = {
			isa = PBXGroup;
			children = (
				B329D65A2B394979000A17C9 /* Voice_ChatApp.swift */,
				FD40D5732CA875CC0064E732 /* ContentView.swift */,
				FD0B94DD2CD8E63500DBFA1D /* Voice Chat.entitlements */,
				B4E916D62B4BE0BD00E49A6B /* Views */,
				B4E916DD2B4BF04400E49A6B /* ViewModel */,
				B4E916D72B4BE1C300E49A6B /* Model */,
				B329D65E2B39497A000A17C9 /* Assets.xcassets */,
				B329D6602B39497A000A17C9 /* Preview Content */,
			);
			path = "Voice Chat";
			sourceTree = "<group>";
		};
		B329D6602B39497A000A17C9 /* Preview Content */ = {
			isa = PBXGroup;
			children = (
				B329D6612B39497A000A17C9 /* Preview Assets.xcassets */,
			);
			path = "Preview Content";
			sourceTree = "<group>";
		};
		B4E916D62B4BE0BD00E49A6B /* Views */ = {
			isa = PBXGroup;
			children = (
				FD0C3AB12C9F38F2009095A1 /* SettingsView.swift */,
				B4E916D22B4BD83D00E49A6B /* ChatView.swift */,
				FD40D5712CA871120064E732 /* AudioPlayerView.swift */,
				FD2DD7D02D65A76900D124A6 /* SideMenuContainerViewController.swift */,
				FD2DD7D22D65A7A200D124A6 /* MainContentView.swift */,
				FD7AF1B32CD896B900A5080B /* BlurView.swift */,
				FD0B94E22CD9095C00DBFA1D /* SidebarView.swift */,
			);
			path = Views;
			sourceTree = "<group>";
		};
		B4E916D72B4BE1C300E49A6B /* Model */ = {
			isa = PBXGroup;
			children = (
				FD0B94E02CD9082600DBFA1D /* ChatSession.swift */,
				FD0B94E62CD90A2500DBFA1D /* ChatMessage.swift */,
				B4E916D42B4BDBD900E49A6B /* ChatModel.swift */,
				FD6E97242CA92C840086C234 /* SettingsModel.swift */,
				FD40D5752CA876010064E732 /* GlobalAudioManager.swift */,
				FD0C3AC62C9F54A9009095A1 /* Models.swift */,
			);
			path = Model;
			sourceTree = "<group>";
		};
		B4E916DD2B4BF04400E49A6B /* ViewModel */ = {
			isa = PBXGroup;
			children = (
				FD0577A42CB626FD009FC45C /* SettingsViewModel.swift */,
				B4A629582B59617A006125B5 /* ChatViewModel.swift */,
				B4E916DE2B4BF0E500E49A6B /* VoiceViewModel.swift */,
				FD0B94DE2CD9080700DBFA1D /* ChatSessionsViewModel.swift */,
			);
			path = ViewModel;
			sourceTree = "<group>";
		};
/* End PBXGroup section */

/* Begin PBXNativeTarget section */
		B329D6562B394979000A17C9 /* Voice Chat */ = {
			isa = PBXNativeTarget;
			buildConfigurationList = B329D6652B39497A000A17C9 /* Build configuration list for PBXNativeTarget "Voice Chat" */;
			buildPhases = (
				B329D6532B394979000A17C9 /* Sources */,
				B329D6542B394979000A17C9 /* Frameworks */,
				B329D6552B394979000A17C9 /* Resources */,
			);
			buildRules = (
			);
			dependencies = (
			);
			name = "Voice Chat";
			productName = "Voice Chat";
			productReference = B329D6572B394979000A17C9 /* Voice Chat.app */;
			productType = "com.apple.product-type.application";
		};
/* End PBXNativeTarget section */

/* Begin PBXProject section */
		B329D64F2B394979000A17C9 /* Project object */ = {
			isa = PBXProject;
			attributes = {
				BuildIndependentTargetsInParallel = 1;
				LastSwiftUpdateCheck = 1510;
				LastUpgradeCheck = 1610;
				TargetAttributes = {
					B329D6562B394979000A17C9 = {
						CreatedOnToolsVersion = 15.1;
					};
				};
			};
			buildConfigurationList = B329D6522B394979000A17C9 /* Build configuration list for PBXProject "Voice Chat" */;
			compatibilityVersion = "Xcode 14.0";
			developmentRegion = "zh-Hans";
			hasScannedForEncodings = 0;
			knownRegions = (
				en,
				Base,
				"zh-Hans",
			);
			mainGroup = B329D64E2B394979000A17C9;
			packageReferences = (
			);
			productRefGroup = B329D6582B394979000A17C9 /* Products */;
			projectDirPath = "";
			projectRoot = "";
			targets = (
				B329D6562B394979000A17C9 /* Voice Chat */,
			);
		};
/* End PBXProject section */

/* Begin PBXResourcesBuildPhase section */
		B329D6552B394979000A17C9 /* Resources */ = {
			isa = PBXResourcesBuildPhase;
			buildActionMask = 2147483647;
			files = (
				B329D6622B39497A000A17C9 /* Preview Assets.xcassets in Resources */,
				B329D65F2B39497A000A17C9 /* Assets.xcassets in Resources */,
			);
			runOnlyForDeploymentPostprocessing = 0;
		};
/* End PBXResourcesBuildPhase section */

/* Begin PBXSourcesBuildPhase section */
		B329D6532B394979000A17C9 /* Sources */ = {
			isa = PBXSourcesBuildPhase;
			buildActionMask = 2147483647;
			files = (
				FD2DD7D12D65A76900D124A6 /* SideMenuContainerViewController.swift in Sources */,
				FD0B94E72CD90A2500DBFA1D /* ChatMessage.swift in Sources */,
				FD40D5722CA871120064E732 /* AudioPlayerView.swift in Sources */,
				FD0B94E32CD9095C00DBFA1D /* SidebarView.swift in Sources */,
				FD7AF1B42CD896B900A5080B /* BlurView.swift in Sources */,
				FD40D5762CA876010064E732 /* GlobalAudioManager.swift in Sources */,
				B4E916D52B4BDBD900E49A6B /* ChatModel.swift in Sources */,
				FD0C3AB22C9F38F2009095A1 /* SettingsView.swift in Sources */,
				FD6E97252CA92C840086C234 /* SettingsModel.swift in Sources */,
				B4E916D32B4BD83D00E49A6B /* ChatView.swift in Sources */,
				FD0B94E12CD9082600DBFA1D /* ChatSession.swift in Sources */,
				B4A629592B59617A006125B5 /* ChatViewModel.swift in Sources */,
				FD0B94DF2CD9080700DBFA1D /* ChatSessionsViewModel.swift in Sources */,
				B329D65B2B394979000A17C9 /* Voice_ChatApp.swift in Sources */,
				B4E916DF2B4BF0E500E49A6B /* VoiceViewModel.swift in Sources */,
				FD40D5742CA875CC0064E732 /* ContentView.swift in Sources */,
				FD2DD7D32D65A7A200D124A6 /* MainContentView.swift in Sources */,
				FD0C3AC72C9F54A9009095A1 /* Models.swift in Sources */,
				FD0577A52CB626FD009FC45C /* SettingsViewModel.swift in Sources */,
			);
			runOnlyForDeploymentPostprocessing = 0;
		};
/* End PBXSourcesBuildPhase section */

/* Begin XCBuildConfiguration section */
		B329D6632B39497A000A17C9 /* Debug */ = {
			isa = XCBuildConfiguration;
			buildSettings = {
				ALWAYS_SEARCH_USER_PATHS = NO;
				ASSETCATALOG_COMPILER_GENERATE_SWIFT_ASSET_SYMBOL_EXTENSIONS = YES;
				CLANG_ANALYZER_LOCALIZABILITY_NONLOCALIZED = YES;
				CLANG_ANALYZER_NONNULL = YES;
				CLANG_ANALYZER_NUMBER_OBJECT_CONVERSION = YES_AGGRESSIVE;
				CLANG_CXX_LANGUAGE_STANDARD = "gnu++20";
				CLANG_ENABLE_MODULES = YES;
				CLANG_ENABLE_OBJC_ARC = YES;
				CLANG_ENABLE_OBJC_WEAK = YES;
				CLANG_WARN_BLOCK_CAPTURE_AUTORELEASING = YES;
				CLANG_WARN_BOOL_CONVERSION = YES;
				CLANG_WARN_COMMA = YES;
				CLANG_WARN_CONSTANT_CONVERSION = YES;
				CLANG_WARN_DEPRECATED_OBJC_IMPLEMENTATIONS = YES;
				CLANG_WARN_DIRECT_OBJC_ISA_USAGE = YES_ERROR;
				CLANG_WARN_DOCUMENTATION_COMMENTS = YES;
				CLANG_WARN_EMPTY_BODY = YES;
				CLANG_WARN_ENUM_CONVERSION = YES;
				CLANG_WARN_INFINITE_RECURSION = YES;
				CLANG_WARN_INT_CONVERSION = YES;
				CLANG_WARN_NON_LITERAL_NULL_CONVERSION = YES;
				CLANG_WARN_OBJC_IMPLICIT_RETAIN_SELF = YES;
				CLANG_WARN_OBJC_LITERAL_CONVERSION = YES;
				CLANG_WARN_OBJC_ROOT_CLASS = YES_ERROR;
				CLANG_WARN_QUOTED_INCLUDE_IN_FRAMEWORK_HEADER = YES;
				CLANG_WARN_RANGE_LOOP_ANALYSIS = YES;
				CLANG_WARN_STRICT_PROTOTYPES = YES;
				CLANG_WARN_SUSPICIOUS_MOVE = YES;
				CLANG_WARN_UNGUARDED_AVAILABILITY = YES_AGGRESSIVE;
				CLANG_WARN_UNREACHABLE_CODE = YES;
				CLANG_WARN__DUPLICATE_METHOD_MATCH = YES;
				COPY_PHASE_STRIP = NO;
				DEBUG_INFORMATION_FORMAT = dwarf;
				ENABLE_STRICT_OBJC_MSGSEND = YES;
				ENABLE_TESTABILITY = YES;
				ENABLE_USER_SCRIPT_SANDBOXING = YES;
				GCC_C_LANGUAGE_STANDARD = gnu17;
				GCC_DYNAMIC_NO_PIC = NO;
				GCC_NO_COMMON_BLOCKS = YES;
				GCC_OPTIMIZATION_LEVEL = 0;
				GCC_PREPROCESSOR_DEFINITIONS = (
					"DEBUG=1",
					"$(inherited)",
				);
				GCC_WARN_64_TO_32_BIT_CONVERSION = YES;
				GCC_WARN_ABOUT_RETURN_TYPE = YES_ERROR;
				GCC_WARN_UNDECLARED_SELECTOR = YES;
				GCC_WARN_UNINITIALIZED_AUTOS = YES_AGGRESSIVE;
				GCC_WARN_UNUSED_FUNCTION = YES;
				GCC_WARN_UNUSED_VARIABLE = YES;
				IPHONEOS_DEPLOYMENT_TARGET = 17.2;
				LOCALIZATION_PREFERS_STRING_CATALOGS = YES;
				MTL_ENABLE_DEBUG_INFO = INCLUDE_SOURCE;
				MTL_FAST_MATH = YES;
				ONLY_ACTIVE_ARCH = YES;
				SDKROOT = iphoneos;
				SWIFT_ACTIVE_COMPILATION_CONDITIONS = "DEBUG $(inherited)";
				SWIFT_OPTIMIZATION_LEVEL = "-Onone";
			};
			name = Debug;
		};
		B329D6642B39497A000A17C9 /* Release */ = {
			isa = XCBuildConfiguration;
			buildSettings = {
				ALWAYS_SEARCH_USER_PATHS = NO;
				ASSETCATALOG_COMPILER_GENERATE_SWIFT_ASSET_SYMBOL_EXTENSIONS = YES;
				CLANG_ANALYZER_LOCALIZABILITY_NONLOCALIZED = YES;
				CLANG_ANALYZER_NONNULL = YES;
				CLANG_ANALYZER_NUMBER_OBJECT_CONVERSION = YES_AGGRESSIVE;
				CLANG_CXX_LANGUAGE_STANDARD = "gnu++20";
				CLANG_ENABLE_MODULES = YES;
				CLANG_ENABLE_OBJC_ARC = YES;
				CLANG_ENABLE_OBJC_WEAK = YES;
				CLANG_WARN_BLOCK_CAPTURE_AUTORELEASING = YES;
				CLANG_WARN_BOOL_CONVERSION = YES;
				CLANG_WARN_COMMA = YES;
				CLANG_WARN_CONSTANT_CONVERSION = YES;
				CLANG_WARN_DEPRECATED_OBJC_IMPLEMENTATIONS = YES;
				CLANG_WARN_DIRECT_OBJC_ISA_USAGE = YES_ERROR;
				CLANG_WARN_DOCUMENTATION_COMMENTS = YES;
				CLANG_WARN_EMPTY_BODY = YES;
				CLANG_WARN_ENUM_CONVERSION = YES;
				CLANG_WARN_INFINITE_RECURSION = YES;
				CLANG_WARN_INT_CONVERSION = YES;
				CLANG_WARN_NON_LITERAL_NULL_CONVERSION = YES;
				CLANG_WARN_OBJC_IMPLICIT_RETAIN_SELF = YES;
				CLANG_WARN_OBJC_LITERAL_CONVERSION = YES;
				CLANG_WARN_OBJC_ROOT_CLASS = YES_ERROR;
				CLANG_WARN_QUOTED_INCLUDE_IN_FRAMEWORK_HEADER = YES;
				CLANG_WARN_RANGE_LOOP_ANALYSIS = YES;
				CLANG_WARN_STRICT_PROTOTYPES = YES;
				CLANG_WARN_SUSPICIOUS_MOVE = YES;
				CLANG_WARN_UNGUARDED_AVAILABILITY = YES_AGGRESSIVE;
				CLANG_WARN_UNREACHABLE_CODE = YES;
				CLANG_WARN__DUPLICATE_METHOD_MATCH = YES;
				COPY_PHASE_STRIP = NO;
				DEBUG_INFORMATION_FORMAT = "dwarf-with-dsym";
				ENABLE_NS_ASSERTIONS = NO;
				ENABLE_STRICT_OBJC_MSGSEND = YES;
				ENABLE_USER_SCRIPT_SANDBOXING = YES;
				GCC_C_LANGUAGE_STANDARD = gnu17;
				GCC_NO_COMMON_BLOCKS = YES;
				GCC_WARN_64_TO_32_BIT_CONVERSION = YES;
				GCC_WARN_ABOUT_RETURN_TYPE = YES_ERROR;
				GCC_WARN_UNDECLARED_SELECTOR = YES;
				GCC_WARN_UNINITIALIZED_AUTOS = YES_AGGRESSIVE;
				GCC_WARN_UNUSED_FUNCTION = YES;
				GCC_WARN_UNUSED_VARIABLE = YES;
				IPHONEOS_DEPLOYMENT_TARGET = 17.2;
				LOCALIZATION_PREFERS_STRING_CATALOGS = YES;
				MTL_ENABLE_DEBUG_INFO = NO;
				MTL_FAST_MATH = YES;
				SDKROOT = iphoneos;
				SWIFT_COMPILATION_MODE = wholemodule;
				VALIDATE_PRODUCT = YES;
			};
			name = Release;
		};
		B329D6662B39497A000A17C9 /* Debug */ = {
			isa = XCBuildConfiguration;
			buildSettings = {
				ASSETCATALOG_COMPILER_APPICON_NAME = AppIcon;
				ASSETCATALOG_COMPILER_GLOBAL_ACCENT_COLOR_NAME = AccentColor;
				"CODE_SIGN_IDENTITY[sdk=macosx*]" = "-";
				CODE_SIGN_STYLE = Automatic;
				CURRENT_PROJECT_VERSION = 1;
				DEVELOPMENT_ASSET_PATHS = "\"Voice Chat/Preview Content\"";
				DEVELOPMENT_TEAM = XTXQFBJ88M;
				ENABLE_PREVIEWS = YES;
				GENERATE_INFOPLIST_FILE = YES;
				INFOPLIST_KEY_LSApplicationCategoryType = "public.app-category.utilities";
				INFOPLIST_KEY_UIApplicationSceneManifest_Generation = YES;
				INFOPLIST_KEY_UIApplicationSupportsIndirectInputEvents = YES;
				INFOPLIST_KEY_UILaunchScreen_Generation = YES;
				INFOPLIST_KEY_UISupportedInterfaceOrientations_iPad = "UIInterfaceOrientationPortrait UIInterfaceOrientationPortraitUpsideDown UIInterfaceOrientationLandscapeLeft UIInterfaceOrientationLandscapeRight";
				INFOPLIST_KEY_UISupportedInterfaceOrientations_iPhone = "UIInterfaceOrientationPortrait UIInterfaceOrientationLandscapeLeft UIInterfaceOrientationLandscapeRight";
				IPHONEOS_DEPLOYMENT_TARGET = 17.6;
				LD_RUNPATH_SEARCH_PATHS = (
					"$(inherited)",
					"@executable_path/Frameworks",
				);
				MARKETING_VERSION = 1.0;
				PRODUCT_BUNDLE_IDENTIFIER = "com.Lion-Wu.Voice-Chat";
				PRODUCT_NAME = "$(TARGET_NAME)";
				REGISTER_APP_GROUPS = NO;
				SUPPORTED_PLATFORMS = "iphoneos iphonesimulator macosx";
				SUPPORTS_MACCATALYST = NO;
				SUPPORTS_MAC_DESIGNED_FOR_IPHONE_IPAD = NO;
				SUPPORTS_XR_DESIGNED_FOR_IPHONE_IPAD = NO;
				SWIFT_EMIT_LOC_STRINGS = YES;
				SWIFT_VERSION = 5.0;
				TARGETED_DEVICE_FAMILY = "1,2";
			};
			name = Debug;
		};
		B329D6672B39497A000A17C9 /* Release */ = {
			isa = XCBuildConfiguration;
			buildSettings = {
				ASSETCATALOG_COMPILER_APPICON_NAME = AppIcon;
				ASSETCATALOG_COMPILER_GLOBAL_ACCENT_COLOR_NAME = AccentColor;
				"CODE_SIGN_IDENTITY[sdk=macosx*]" = "-";
				CODE_SIGN_STYLE = Automatic;
				CURRENT_PROJECT_VERSION = 1;
				DEVELOPMENT_ASSET_PATHS = "\"Voice Chat/Preview Content\"";
				DEVELOPMENT_TEAM = XTXQFBJ88M;
				ENABLE_PREVIEWS = YES;
				GENERATE_INFOPLIST_FILE = YES;
				INFOPLIST_KEY_LSApplicationCategoryType = "public.app-category.utilities";
				INFOPLIST_KEY_UIApplicationSceneManifest_Generation = YES;
				INFOPLIST_KEY_UIApplicationSupportsIndirectInputEvents = YES;
				INFOPLIST_KEY_UILaunchScreen_Generation = YES;
				INFOPLIST_KEY_UISupportedInterfaceOrientations_iPad = "UIInterfaceOrientationPortrait UIInterfaceOrientationPortraitUpsideDown UIInterfaceOrientationLandscapeLeft UIInterfaceOrientationLandscapeRight";
				INFOPLIST_KEY_UISupportedInterfaceOrientations_iPhone = "UIInterfaceOrientationPortrait UIInterfaceOrientationLandscapeLeft UIInterfaceOrientationLandscapeRight";
				IPHONEOS_DEPLOYMENT_TARGET = 17.6;
				LD_RUNPATH_SEARCH_PATHS = (
					"$(inherited)",
					"@executable_path/Frameworks",
				);
				MARKETING_VERSION = 1.0;
				PRODUCT_BUNDLE_IDENTIFIER = "com.Lion-Wu.Voice-Chat";
				PRODUCT_NAME = "$(TARGET_NAME)";
				REGISTER_APP_GROUPS = NO;
				SUPPORTED_PLATFORMS = "iphoneos iphonesimulator macosx";
				SUPPORTS_MACCATALYST = NO;
				SUPPORTS_MAC_DESIGNED_FOR_IPHONE_IPAD = NO;
				SUPPORTS_XR_DESIGNED_FOR_IPHONE_IPAD = NO;
				SWIFT_EMIT_LOC_STRINGS = YES;
				SWIFT_VERSION = 5.0;
				TARGETED_DEVICE_FAMILY = "1,2";
			};
			name = Release;
		};
/* End XCBuildConfiguration section */

/* Begin XCConfigurationList section */
		B329D6522B394979000A17C9 /* Build configuration list for PBXProject "Voice Chat" */ = {
			isa = XCConfigurationList;
			buildConfigurations = (
				B329D6632B39497A000A17C9 /* Debug */,
				B329D6642B39497A000A17C9 /* Release */,
			);
			defaultConfigurationIsVisible = 0;
			defaultConfigurationName = Release;
		};
		B329D6652B39497A000A17C9 /* Build configuration list for PBXNativeTarget "Voice Chat" */ = {
			isa = XCConfigurationList;
			buildConfigurations = (
				B329D6662B39497A000A17C9 /* Debug */,
				B329D6672B39497A000A17C9 /* Release */,
			);
			defaultConfigurationIsVisible = 0;
			defaultConfigurationName = Release;
		};
/* End XCConfigurationList section */
	};
	rootObject = B329D64F2B394979000A17C9 /* Project object */;
}
