// !$*UTF8*$!
{
	archiveVersion = 1;
	classes = {
	};
	objectVersion = 60;
	objects = {

/* Begin PBXBuildFile section */
		127355D0ADD6A6B0D5494FD8 /* MarkdownAttachmentsCore.swift in Sources */ = {isa = PBXBuildFile; fileRef = B9E3106DB55A775AF7BE384A /* MarkdownAttachmentsCore.swift */; };
		2C90EB6374B89DA85430464C /* MarkdownStyle.swift in Sources */ = {isa = PBXBuildFile; fileRef = 221380AED73400A2E5CF1BF5 /* MarkdownStyle.swift */; };
		5C865DE17CD6A6FA07787148 /* MarkdownAttachments.swift in Sources */ = {isa = PBXBuildFile; fileRef = 7AEA24E21CCE3BFA49920260 /* MarkdownAttachments.swift */; };
		9531A726E227629A33E3B380 /* KeychainStore.swift in Sources */ = {isa = PBXBuildFile; fileRef = 219680AEAF301A24A236086F /* KeychainStore.swift */; };
		A9C4B2103F8A4D2200C0DE02 /* MacCameraCaptureSheet.swift in Sources */ = {isa = PBXBuildFile; fileRef = A9C4B2103F8A4D2200C0DE01 /* MacCameraCaptureSheet.swift */; };
		AE2A1D0A31C597D5386EF5B3 /* MarkdownTextCoordinator.swift in Sources */ = {isa = PBXBuildFile; fileRef = 2B1C505F6C6E82CEFFD96AAE /* MarkdownTextCoordinator.swift */; };
		B0013EBDCC58A5723A3B434D /* MarkdownUtilities.swift in Sources */ = {isa = PBXBuildFile; fileRef = CFA25ED1E52CB2CA427EFFE1 /* MarkdownUtilities.swift */; };
		B329D65B2B394979000A17C9 /* Voice_ChatApp.swift in Sources */ = {isa = PBXBuildFile; fileRef = B329D65A2B394979000A17C9 /* Voice_ChatApp.swift */; };
		B329D65F2B39497A000A17C9 /* Assets.xcassets in Resources */ = {isa = PBXBuildFile; fileRef = B329D65E2B39497A000A17C9 /* Assets.xcassets */; };
		B329D6622B39497A000A17C9 /* Preview Assets.xcassets in Resources */ = {isa = PBXBuildFile; fileRef = B329D6612B39497A000A17C9 /* Preview Assets.xcassets */; };
		B4A629592B59617A006125B5 /* ChatViewModel.swift in Sources */ = {isa = PBXBuildFile; fileRef = B4A629582B59617A006125B5 /* ChatViewModel.swift */; };
		B4E916D52B4BDBD900E49A6B /* ChatService.swift in Sources */ = {isa = PBXBuildFile; fileRef = B4E916D42B4BDBD900E49A6B /* ChatService.swift */; };
		B4E916DF2B4BF0E500E49A6B /* VoiceViewModel.swift in Sources */ = {isa = PBXBuildFile; fileRef = B4E916DE2B4BF0E500E49A6B /* VoiceViewModel.swift */; };
		B62024477293B49C915D33FD /* MarkdownAttachmentViewsUIKit.swift in Sources */ = {isa = PBXBuildFile; fileRef = E412283226A67A4F5019F147 /* MarkdownAttachmentViewsUIKit.swift */; };
		B7A0A0013A10000100AA0001 /* MarkdownMathPreprocessor.swift in Sources */ = {isa = PBXBuildFile; fileRef = B7A0A0113A10000100AA0001 /* MarkdownMathPreprocessor.swift */; };
		B7A0A0023A10000100AA0001 /* MarkdownMathCore.swift in Sources */ = {isa = PBXBuildFile; fileRef = B7A0A0123A10000100AA0001 /* MarkdownMathCore.swift */; };
		B7A0A0033A10000100AA0001 /* MarkdownMathAttachment.swift in Sources */ = {isa = PBXBuildFile; fileRef = B7A0A0133A10000100AA0001 /* MarkdownMathAttachment.swift */; };
		B7A0A0043A10000100AA0001 /* MarkdownMathViewsUIKit.swift in Sources */ = {isa = PBXBuildFile; fileRef = B7A0A0143A10000100AA0001 /* MarkdownMathViewsUIKit.swift */; };
		B7A0A0053A10000100AA0001 /* MarkdownMathViewsAppKit.swift in Sources */ = {isa = PBXBuildFile; fileRef = B7A0A0153A10000100AA0001 /* MarkdownMathViewsAppKit.swift */; };
		B7F0020013A2000000AA0001 /* VoiceChatRaTeX in Frameworks */ = {isa = PBXBuildFile; productRef = B7F0020213A2000000AA0001 /* VoiceChatRaTeX */; };
		C0F1447A06E3F50BC2585521 /* MarkdownAttachmentViewsAppKit.swift in Sources */ = {isa = PBXBuildFile; fileRef = 27E86C1B8F2522CFBCEA84C5 /* MarkdownAttachmentViewsAppKit.swift */; };
		C4442FE0C1135115CFA62BDD /* AppChrome.swift in Sources */ = {isa = PBXBuildFile; fileRef = D4570041CD56B63DCA44B5C0 /* AppChrome.swift */; };
		D66C517B8B2A28EEC0566BFE /* MarkdownTextView.swift in Sources */ = {isa = PBXBuildFile; fileRef = 9FD5410AC9490AAD00A24145 /* MarkdownTextView.swift */; };
		EE43A506B09B5C0111462EB7 /* MarkdownAttributedStringRenderer.swift in Sources */ = {isa = PBXBuildFile; fileRef = 6D65F433F37BABBAEEFE71C5 /* MarkdownAttributedStringRenderer.swift */; };
		F514BD68F40741539A1872CA /* TextSelectionSheet.swift in Sources */ = {isa = PBXBuildFile; fileRef = 92A53B05B12C4E0689036C84 /* TextSelectionSheet.swift */; };
		FD0577A52CB626FD009FC45C /* SettingsViewModel.swift in Sources */ = {isa = PBXBuildFile; fileRef = FD0577A42CB626FD009FC45C /* SettingsViewModel.swift */; };
		FD0A0A102F123E0000000001 /* AppEnvironment.swift in Sources */ = {isa = PBXBuildFile; fileRef = FD0A0A0F2F123E0000000001 /* AppEnvironment.swift */; };
		FD0B94DF2CD9080700DBFA1D /* ChatSessionsViewModel.swift in Sources */ = {isa = PBXBuildFile; fileRef = FD0B94DE2CD9080700DBFA1D /* ChatSessionsViewModel.swift */; };
		FD0B94E12CD9082600DBFA1D /* ChatSession.swift in Sources */ = {isa = PBXBuildFile; fileRef = FD0B94E02CD9082600DBFA1D /* ChatSession.swift */; };
		FD0B94E32CD9095C00DBFA1D /* SidebarView.swift in Sources */ = {isa = PBXBuildFile; fileRef = FD0B94E22CD9095C00DBFA1D /* SidebarView.swift */; };
		FD0B94E72CD90A2500DBFA1D /* ChatMessage.swift in Sources */ = {isa = PBXBuildFile; fileRef = FD0B94E62CD90A2500DBFA1D /* ChatMessage.swift */; };
		FD0C3AB22C9F38F2009095A1 /* SettingsView.swift in Sources */ = {isa = PBXBuildFile; fileRef = FD0C3AB12C9F38F2009095A1 /* SettingsView.swift */; };
		FD0C3AC72C9F54A9009095A1 /* Models.swift in Sources */ = {isa = PBXBuildFile; fileRef = FD0C3AC62C9F54A9009095A1 /* Models.swift */; };
		FD2DD7D12D65A76900D124A6 /* SideMenuContainerViewController.swift in Sources */ = {isa = PBXBuildFile; fileRef = FD2DD7D02D65A76900D124A6 /* SideMenuContainerViewController.swift */; };
		FD2DD7D32D65A7A200D124A6 /* MainContentView.swift in Sources */ = {isa = PBXBuildFile; fileRef = FD2DD7D22D65A7A200D124A6 /* MainContentView.swift */; };
		FD2DD7D52F26000100000001 /* StartupDataGate.swift in Sources */ = {isa = PBXBuildFile; fileRef = FD2DD7D42F26000100000001 /* StartupDataGate.swift */; };
		FD40D5722CA871120064E732 /* AudioPlayerView.swift in Sources */ = {isa = PBXBuildFile; fileRef = FD40D5712CA871120064E732 /* AudioPlayerView.swift */; };
		FD40D5742CA875CC0064E732 /* ContentView.swift in Sources */ = {isa = PBXBuildFile; fileRef = FD40D5732CA875CC0064E732 /* ContentView.swift */; };
		FD40D5762CA876010064E732 /* GlobalAudioManager.swift in Sources */ = {isa = PBXBuildFile; fileRef = FD40D5752CA876010064E732 /* GlobalAudioManager.swift */; };
		FD423AE02F07B7C10016D0B4 /* Markdown in Frameworks */ = {isa = PBXBuildFile; productRef = FD423ADF2F07B7C10016D0B4 /* Markdown */; };
		FD6E97252CA92C840086C234 /* SettingsManager.swift in Sources */ = {isa = PBXBuildFile; fileRef = FD6E97242CA92C840086C234 /* SettingsManager.swift */; };
		FD7228652E7EBE22005BF261 /* SpeechInputManager.swift in Sources */ = {isa = PBXBuildFile; fileRef = FD7228642E7EBE22005BF261 /* SpeechInputManager.swift */; };
		FD7AF1B42CD896B900A5080B /* BlurView.swift in Sources */ = {isa = PBXBuildFile; fileRef = FD7AF1B32CD896B900A5080B /* BlurView.swift */; };
		FD9000000000000000000102 /* AppLocalization.swift in Sources */ = {isa = PBXBuildFile; fileRef = FD9000000000000000000001 /* AppLocalization.swift */; };
		FD9000000000000000000104 /* AppMenuCommands.swift in Sources */ = {isa = PBXBuildFile; fileRef = FD9000000000000000000003 /* AppMenuCommands.swift */; };
		FD9000000000000000000106 /* VisionRootView.swift in Sources */ = {isa = PBXBuildFile; fileRef = FD9000000000000000000005 /* VisionRootView.swift */; };
		FD9000000000000000000108 /* SettingsInputFields.swift in Sources */ = {isa = PBXBuildFile; fileRef = FD9000000000000000000007 /* SettingsInputFields.swift */; };
		FD900000000000000000010A /* SettingsViewSupport.swift in Sources */ = {isa = PBXBuildFile; fileRef = FD9000000000000000000009 /* SettingsViewSupport.swift */; };
		FD900000000000000000010C /* ChatModelMetadata.swift in Sources */ = {isa = PBXBuildFile; fileRef = FD900000000000000000000B /* ChatModelMetadata.swift */; };
		FD900000000000000000010E /* NetworkRetry.swift in Sources */ = {isa = PBXBuildFile; fileRef = FD900000000000000000000D /* NetworkRetry.swift */; };
		FD9000000000000000000110 /* SettingsEntities.swift in Sources */ = {isa = PBXBuildFile; fileRef = FD900000000000000000000F /* SettingsEntities.swift */; };
		FD9000000000000000000112 /* ChatStreamingModels.swift in Sources */ = {isa = PBXBuildFile; fileRef = FD9000000000000000000011 /* ChatStreamingModels.swift */; };
		FD9000000000000000000114 /* ChatServiceConfiguration.swift in Sources */ = {isa = PBXBuildFile; fileRef = FD9000000000000000000013 /* ChatServiceConfiguration.swift */; };
		FD9000000000000000000116 /* MessageComposerView.swift in Sources */ = {isa = PBXBuildFile; fileRef = FD9000000000000000000015 /* MessageComposerView.swift */; };
		FDA8D9262E7F0E320012B42F /* BubbleBackground.swift in Sources */ = {isa = PBXBuildFile; fileRef = FDA8D9202E7F0E320012B42F /* BubbleBackground.swift */; };
		FDA8D9272E7F0E320012B42F /* ChatTheme.swift in Sources */ = {isa = PBXBuildFile; fileRef = FDA8D9212E7F0E320012B42F /* ChatTheme.swift */; };
		FDA8D9282E7F0E320012B42F /* ChatView.swift in Sources */ = {isa = PBXBuildFile; fileRef = FDA8D9222E7F0E320012B42F /* ChatView.swift */; };
		FDA8D9292E7F0E320012B42F /* RichMarkdownView.swift in Sources */ = {isa = PBXBuildFile; fileRef = FDA8D9232E7F0E320012B42F /* RichMarkdownView.swift */; };
		FDA8D92A2E7F0E320012B42F /* ThinkParts.swift in Sources */ = {isa = PBXBuildFile; fileRef = FDA8D9242E7F0E320012B42F /* ThinkParts.swift */; };
		FDA8D92C2E7F0ED00012B42F /* TailLinesText.swift in Sources */ = {isa = PBXBuildFile; fileRef = FDA8D92B2E7F0ED00012B42F /* TailLinesText.swift */; };
		FDA8D92E2E7F0EE30012B42F /* PreferenceKeys.swift in Sources */ = {isa = PBXBuildFile; fileRef = FDA8D92D2E7F0EE30012B42F /* PreferenceKeys.swift */; };
		FDA8D9302E7F0EF50012B42F /* LayoutHelpers.swift in Sources */ = {isa = PBXBuildFile; fileRef = FDA8D92F2E7F0EF50012B42F /* LayoutHelpers.swift */; };
		FDA8D9322E7F0F150012B42F /* AutoSizingTextEditor.swift in Sources */ = {isa = PBXBuildFile; fileRef = FDA8D9312E7F0F150012B42F /* AutoSizingTextEditor.swift */; };
		FDA8D9342E7F0F260012B42F /* LoadingViews.swift in Sources */ = {isa = PBXBuildFile; fileRef = FDA8D9332E7F0F260012B42F /* LoadingViews.swift */; };
		FDA8D9362E7F0F360012B42F /* VoiceMessageView.swift in Sources */ = {isa = PBXBuildFile; fileRef = FDA8D9352E7F0F360012B42F /* VoiceMessageView.swift */; };
		FDA8D9382E7F0F520012B42F /* FullScreenComposer.swift in Sources */ = {isa = PBXBuildFile; fileRef = FDA8D9372E7F0F520012B42F /* FullScreenComposer.swift */; };
		FDA8D93A2E7F11F00012B42F /* AudioRequests.swift in Sources */ = {isa = PBXBuildFile; fileRef = FDA8D9392E7F11F00012B42F /* AudioRequests.swift */; };
		FDA8D93C2E7F12040012B42F /* AudioPlayback.swift in Sources */ = {isa = PBXBuildFile; fileRef = FDA8D93B2E7F12040012B42F /* AudioPlayback.swift */; };
		FDA8D93E2E7F12190012B42F /* AVAudioDelegate.swift in Sources */ = {isa = PBXBuildFile; fileRef = FDA8D93D2E7F12190012B42F /* AVAudioDelegate.swift */; };
		FDA8D9402E7F12310012B42F /* AudioTimers.swift in Sources */ = {isa = PBXBuildFile; fileRef = FDA8D93F2E7F12310012B42F /* AudioTimers.swift */; };
		FDA8D9442E7F12AA0012B42F /* TextSegmentation.swift in Sources */ = {isa = PBXBuildFile; fileRef = FDA8D9432E7F12AA0012B42F /* TextSegmentation.swift */; };
		FDA8D9472E7F13050012B42F /* SafeArray.swift in Sources */ = {isa = PBXBuildFile; fileRef = FDA8D9462E7F13050012B42F /* SafeArray.swift */; };
		FDA8D9492E7F13340012B42F /* RegexSplitString.swift in Sources */ = {isa = PBXBuildFile; fileRef = FDA8D9482E7F13340012B42F /* RegexSplitString.swift */; };
		FDAFF0012F90000000000001 /* ContentFingerprint.swift in Sources */ = {isa = PBXBuildFile; fileRef = FDAFF0002F90000000000001 /* ContentFingerprint.swift */; };
		FDAFF0032F90000000000001 /* MessageRenderCache.swift in Sources */ = {isa = PBXBuildFile; fileRef = FDAFF0022F90000000000001 /* MessageRenderCache.swift */; };
		FDB5FD112F0000010000001A /* Localizable.strings in Resources */ = {isa = PBXBuildFile; fileRef = FDB5FD102F0000010000001A /* Localizable.strings */; };
		FDB5FD212F0000010000001B /* InfoPlist.strings in Resources */ = {isa = PBXBuildFile; fileRef = FDB5FD202F0000010000001B /* InfoPlist.strings */; };
		FDD6A0B12F1D000100000001 /* MessageDetailsView.swift in Sources */ = {isa = PBXBuildFile; fileRef = FDD6A0B02F1D000100000001 /* MessageDetailsView.swift */; };
		FDF0B0022F8F000000000001 /* RealtimeVoiceWindowController.swift in Sources */ = {isa = PBXBuildFile; fileRef = FDF0B0012F8F000000000001 /* RealtimeVoiceWindowController.swift */; };
		FDF714C12E7FC54100B62D71 /* IncrementalTextSegmenter.swift in Sources */ = {isa = PBXBuildFile; fileRef = FDF714C02E7FC54100B62D71 /* IncrementalTextSegmenter.swift */; };
		FDF714C32E7FC55300B62D71 /* VoiceChatOverlayViewModel.swift in Sources */ = {isa = PBXBuildFile; fileRef = FDF714C22E7FC55300B62D71 /* VoiceChatOverlayViewModel.swift */; };
		FDF714C52E7FC59000B62D71 /* RealtimeVoiceOverlayView.swift in Sources */ = {isa = PBXBuildFile; fileRef = FDF714C42E7FC59000B62D71 /* RealtimeVoiceOverlayView.swift */; };
		FDF714C72F91000000B62D71 /* VoiceVisionCameraView.swift in Sources */ = {isa = PBXBuildFile; fileRef = FDF714C62F91000000B62D71 /* VoiceVisionCameraView.swift */; };
		FDFE0A012F12340000000001 /* AppErrorCenter.swift in Sources */ = {isa = PBXBuildFile; fileRef = FDFE0A002F12340000000001 /* AppErrorCenter.swift */; };
		FDFE0A032F12340000000001 /* ErrorNoticeStack.swift in Sources */ = {isa = PBXBuildFile; fileRef = FDFE0A022F12340000000001 /* ErrorNoticeStack.swift */; };
		FDFE0A052F123C0000000001 /* ServerReachabilityMonitor.swift in Sources */ = {isa = PBXBuildFile; fileRef = FDFE0A042F123C0000000001 /* ServerReachabilityMonitor.swift */; };
		FDFFEEE12F20000000000001 /* ChatSessionRepository.swift in Sources */ = {isa = PBXBuildFile; fileRef = FDFFEEE02F20000000000001 /* ChatSessionRepository.swift */; };
/* End PBXBuildFile section */

/* Begin PBXFileReference section */
		219680AEAF301A24A236086F /* KeychainStore.swift */ = {isa = PBXFileReference; lastKnownFileType = sourcecode.swift; name = KeychainStore.swift; path = "Voice Chat/Core/Security/KeychainStore.swift"; sourceTree = SOURCE_ROOT; };
		221380AED73400A2E5CF1BF5 /* MarkdownStyle.swift */ = {isa = PBXFileReference; lastKnownFileType = sourcecode.swift; name = MarkdownStyle.swift; path = "Voice Chat/Features/Chat/Views/Markdown/MarkdownStyle.swift"; sourceTree = SOURCE_ROOT; };
		27E86C1B8F2522CFBCEA84C5 /* MarkdownAttachmentViewsAppKit.swift */ = {isa = PBXFileReference; lastKnownFileType = sourcecode.swift; name = MarkdownAttachmentViewsAppKit.swift; path = "Voice Chat/Features/Chat/Views/Markdown/MarkdownAttachmentViewsAppKit.swift"; sourceTree = SOURCE_ROOT; };
		2B1C505F6C6E82CEFFD96AAE /* MarkdownTextCoordinator.swift */ = {isa = PBXFileReference; lastKnownFileType = sourcecode.swift; name = MarkdownTextCoordinator.swift; path = "Voice Chat/Features/Chat/Views/Markdown/MarkdownTextCoordinator.swift"; sourceTree = SOURCE_ROOT; };
		6D65F433F37BABBAEEFE71C5 /* MarkdownAttributedStringRenderer.swift */ = {isa = PBXFileReference; lastKnownFileType = sourcecode.swift; name = MarkdownAttributedStringRenderer.swift; path = "Voice Chat/Features/Chat/Views/Markdown/MarkdownAttributedStringRenderer.swift"; sourceTree = SOURCE_ROOT; };
		7AEA24E21CCE3BFA49920260 /* MarkdownAttachments.swift */ = {isa = PBXFileReference; lastKnownFileType = sourcecode.swift; name = MarkdownAttachments.swift; path = "Voice Chat/Features/Chat/Views/Markdown/MarkdownAttachments.swift"; sourceTree = SOURCE_ROOT; };
		92A53B05B12C4E0689036C84 /* TextSelectionSheet.swift */ = {isa = PBXFileReference; lastKnownFileType = sourcecode.swift; name = TextSelectionSheet.swift; path = "Voice Chat/Features/Chat/Views/Components/TextSelectionSheet.swift"; sourceTree = SOURCE_ROOT; };
		9FD5410AC9490AAD00A24145 /* MarkdownTextView.swift */ = {isa = PBXFileReference; lastKnownFileType = sourcecode.swift; name = MarkdownTextView.swift; path = "Voice Chat/Features/Chat/Views/Markdown/MarkdownTextView.swift"; sourceTree = SOURCE_ROOT; };
		A9C4B2103F8A4D2200C0DE01 /* MacCameraCaptureSheet.swift */ = {isa = PBXFileReference; lastKnownFileType = sourcecode.swift; name = MacCameraCaptureSheet.swift; path = "Voice Chat/Features/Chat/Views/Components/MacCameraCaptureSheet.swift"; sourceTree = SOURCE_ROOT; };
		B329D6572B394979000A17C9 /* Voice Chat.app */ = {isa = PBXFileReference; explicitFileType = wrapper.application; includeInIndex = 0; path = "Voice Chat.app"; sourceTree = BUILT_PRODUCTS_DIR; };
		B329D65A2B394979000A17C9 /* Voice_ChatApp.swift */ = {isa = PBXFileReference; lastKnownFileType = sourcecode.swift; name = Voice_ChatApp.swift; path = "Voice Chat/App/Entrypoint/Voice_ChatApp.swift"; sourceTree = SOURCE_ROOT; };
		B329D65E2B39497A000A17C9 /* Assets.xcassets */ = {isa = PBXFileReference; lastKnownFileType = folder.assetcatalog; path = Assets.xcassets; sourceTree = "<group>"; };
		B329D6612B39497A000A17C9 /* Preview Assets.xcassets */ = {isa = PBXFileReference; lastKnownFileType = folder.assetcatalog; path = "Preview Assets.xcassets"; sourceTree = "<group>"; };
		B4A629582B59617A006125B5 /* ChatViewModel.swift */ = {isa = PBXFileReference; lastKnownFileType = sourcecode.swift; name = ChatViewModel.swift; path = "Voice Chat/Features/Chat/ViewModels/ChatViewModel.swift"; sourceTree = SOURCE_ROOT; };
		B4E916D42B4BDBD900E49A6B /* ChatService.swift */ = {isa = PBXFileReference; lastKnownFileType = sourcecode.swift; name = ChatService.swift; path = "Voice Chat/Features/Chat/Services/ChatService.swift"; sourceTree = SOURCE_ROOT; };
		B4E916DE2B4BF0E500E49A6B /* VoiceViewModel.swift */ = {isa = PBXFileReference; lastKnownFileType = sourcecode.swift; name = VoiceViewModel.swift; path = "Voice Chat/Features/VoiceOverlay/ViewModels/VoiceViewModel.swift"; sourceTree = SOURCE_ROOT; };
		B7A0A0113A10000100AA0001 /* MarkdownMathPreprocessor.swift */ = {isa = PBXFileReference; lastKnownFileType = sourcecode.swift; name = MarkdownMathPreprocessor.swift; path = "Voice Chat/Features/Chat/Views/Markdown/MarkdownMathPreprocessor.swift"; sourceTree = SOURCE_ROOT; };
		B7A0A0123A10000100AA0001 /* MarkdownMathCore.swift */ = {isa = PBXFileReference; lastKnownFileType = sourcecode.swift; name = MarkdownMathCore.swift; path = "Voice Chat/Features/Chat/Views/Markdown/MarkdownMathCore.swift"; sourceTree = SOURCE_ROOT; };
		B7A0A0133A10000100AA0001 /* MarkdownMathAttachment.swift */ = {isa = PBXFileReference; lastKnownFileType = sourcecode.swift; name = MarkdownMathAttachment.swift; path = "Voice Chat/Features/Chat/Views/Markdown/MarkdownMathAttachment.swift"; sourceTree = SOURCE_ROOT; };
		B7A0A0143A10000100AA0001 /* MarkdownMathViewsUIKit.swift */ = {isa = PBXFileReference; lastKnownFileType = sourcecode.swift; name = MarkdownMathViewsUIKit.swift; path = "Voice Chat/Features/Chat/Views/Markdown/MarkdownMathViewsUIKit.swift"; sourceTree = SOURCE_ROOT; };
		B7A0A0153A10000100AA0001 /* MarkdownMathViewsAppKit.swift */ = {isa = PBXFileReference; lastKnownFileType = sourcecode.swift; name = MarkdownMathViewsAppKit.swift; path = "Voice Chat/Features/Chat/Views/Markdown/MarkdownMathViewsAppKit.swift"; sourceTree = SOURCE_ROOT; };
		B9E3106DB55A775AF7BE384A /* MarkdownAttachmentsCore.swift */ = {isa = PBXFileReference; lastKnownFileType = sourcecode.swift; name = MarkdownAttachmentsCore.swift; path = "Voice Chat/Features/Chat/Views/Markdown/MarkdownAttachmentsCore.swift"; sourceTree = SOURCE_ROOT; };
		CFA25ED1E52CB2CA427EFFE1 /* MarkdownUtilities.swift */ = {isa = PBXFileReference; lastKnownFileType = sourcecode.swift; name = MarkdownUtilities.swift; path = "Voice Chat/Features/Chat/Views/Markdown/MarkdownUtilities.swift"; sourceTree = SOURCE_ROOT; };
		D4570041CD56B63DCA44B5C0 /* AppChrome.swift */ = {isa = PBXFileReference; lastKnownFileType = sourcecode.swift; name = AppChrome.swift; path = "Voice Chat/Shared/UI/Chrome/AppChrome.swift"; sourceTree = SOURCE_ROOT; };
		E412283226A67A4F5019F147 /* MarkdownAttachmentViewsUIKit.swift */ = {isa = PBXFileReference; lastKnownFileType = sourcecode.swift; name = MarkdownAttachmentViewsUIKit.swift; path = "Voice Chat/Features/Chat/Views/Markdown/MarkdownAttachmentViewsUIKit.swift"; sourceTree = SOURCE_ROOT; };
		FD0577A42CB626FD009FC45C /* SettingsViewModel.swift */ = {isa = PBXFileReference; lastKnownFileType = sourcecode.swift; name = SettingsViewModel.swift; path = "Voice Chat/Features/Settings/ViewModels/SettingsViewModel.swift"; sourceTree = SOURCE_ROOT; };
		FD0A0A0F2F123E0000000001 /* AppEnvironment.swift */ = {isa = PBXFileReference; lastKnownFileType = sourcecode.swift; name = AppEnvironment.swift; path = "Voice Chat/App/Composition/AppEnvironment.swift"; sourceTree = SOURCE_ROOT; };
		FD0B94DD2CD8E63500DBFA1D /* Voice Chat.entitlements */ = {isa = PBXFileReference; lastKnownFileType = text.plist.entitlements; path = "Voice Chat.entitlements"; sourceTree = "<group>"; };
		FD0B94DE2CD9080700DBFA1D /* ChatSessionsViewModel.swift */ = {isa = PBXFileReference; lastKnownFileType = sourcecode.swift; name = ChatSessionsViewModel.swift; path = "Voice Chat/Features/Sessions/ViewModels/ChatSessionsViewModel.swift"; sourceTree = SOURCE_ROOT; };
		FD0B94E02CD9082600DBFA1D /* ChatSession.swift */ = {isa = PBXFileReference; lastKnownFileType = sourcecode.swift; name = ChatSession.swift; path = "Voice Chat/Features/Sessions/Models/ChatSession.swift"; sourceTree = SOURCE_ROOT; };
		FD0B94E22CD9095C00DBFA1D /* SidebarView.swift */ = {isa = PBXFileReference; lastKnownFileType = sourcecode.swift; name = SidebarView.swift; path = "Voice Chat/Features/Sessions/Views/SidebarView.swift"; sourceTree = SOURCE_ROOT; };
		FD0B94E62CD90A2500DBFA1D /* ChatMessage.swift */ = {isa = PBXFileReference; lastKnownFileType = sourcecode.swift; name = ChatMessage.swift; path = "Voice Chat/Features/Chat/Models/ChatMessage.swift"; sourceTree = SOURCE_ROOT; };
		FD0C3AB12C9F38F2009095A1 /* SettingsView.swift */ = {isa = PBXFileReference; lastKnownFileType = sourcecode.swift; name = SettingsView.swift; path = "Voice Chat/Features/Settings/Views/SettingsView.swift"; sourceTree = SOURCE_ROOT; };
		FD0C3AC62C9F54A9009095A1 /* Models.swift */ = {isa = PBXFileReference; lastKnownFileType = sourcecode.swift; name = Models.swift; path = "Voice Chat/Features/Chat/Models/Models.swift"; sourceTree = SOURCE_ROOT; };
		FD2DD7D02D65A76900D124A6 /* SideMenuContainerViewController.swift */ = {isa = PBXFileReference; lastKnownFileType = sourcecode.swift; name = SideMenuContainerViewController.swift; path = "Voice Chat/Shared/UI/Chrome/SideMenuContainerViewController.swift"; sourceTree = SOURCE_ROOT; };
		FD2DD7D22D65A7A200D124A6 /* MainContentView.swift */ = {isa = PBXFileReference; lastKnownFileType = sourcecode.swift; name = MainContentView.swift; path = "Voice Chat/Features/Chat/Views/MainContentView.swift"; sourceTree = SOURCE_ROOT; };
		FD2DD7D42F26000100000001 /* StartupDataGate.swift */ = {isa = PBXFileReference; lastKnownFileType = sourcecode.swift; name = StartupDataGate.swift; path = "Voice Chat/App/Startup/StartupDataGate.swift"; sourceTree = SOURCE_ROOT; };
		FD40D5712CA871120064E732 /* AudioPlayerView.swift */ = {isa = PBXFileReference; lastKnownFileType = sourcecode.swift; name = AudioPlayerView.swift; path = "Voice Chat/Core/Audio/Views/AudioPlayerView.swift"; sourceTree = SOURCE_ROOT; };
		FD40D5732CA875CC0064E732 /* ContentView.swift */ = {isa = PBXFileReference; lastKnownFileType = sourcecode.swift; name = ContentView.swift; path = "Voice Chat/App/Shell/ContentView.swift"; sourceTree = SOURCE_ROOT; };
		FD40D5752CA876010064E732 /* GlobalAudioManager.swift */ = {isa = PBXFileReference; lastKnownFileType = sourcecode.swift; name = GlobalAudioManager.swift; path = "Voice Chat/Core/Audio/Services/GlobalAudioManager.swift"; sourceTree = SOURCE_ROOT; };
		FD6E97242CA92C840086C234 /* SettingsManager.swift */ = {isa = PBXFileReference; lastKnownFileType = sourcecode.swift; name = SettingsManager.swift; path = "Voice Chat/Features/Settings/Models/SettingsManager.swift"; sourceTree = SOURCE_ROOT; };
		FD7228642E7EBE22005BF261 /* SpeechInputManager.swift */ = {isa = PBXFileReference; lastKnownFileType = sourcecode.swift; name = SpeechInputManager.swift; path = "Voice Chat/Core/Audio/Services/SpeechInputManager.swift"; sourceTree = SOURCE_ROOT; };
		FD7AF1B32CD896B900A5080B /* BlurView.swift */ = {isa = PBXFileReference; lastKnownFileType = sourcecode.swift; name = BlurView.swift; path = "Voice Chat/Shared/UI/Chrome/BlurView.swift"; sourceTree = SOURCE_ROOT; };
		FD9000000000000000000001 /* AppLocalization.swift */ = {isa = PBXFileReference; lastKnownFileType = sourcecode.swift; name = AppLocalization.swift; path = "Voice Chat/App/Composition/AppLocalization.swift"; sourceTree = SOURCE_ROOT; };
		FD9000000000000000000003 /* AppMenuCommands.swift */ = {isa = PBXFileReference; lastKnownFileType = sourcecode.swift; name = AppMenuCommands.swift; path = "Voice Chat/App/Entrypoint/AppMenuCommands.swift"; sourceTree = SOURCE_ROOT; };
		FD9000000000000000000005 /* VisionRootView.swift */ = {isa = PBXFileReference; lastKnownFileType = sourcecode.swift; name = VisionRootView.swift; path = "Voice Chat/App/Shell/VisionRootView.swift"; sourceTree = SOURCE_ROOT; };
		FD9000000000000000000007 /* SettingsInputFields.swift */ = {isa = PBXFileReference; lastKnownFileType = sourcecode.swift; name = SettingsInputFields.swift; path = "Voice Chat/Features/Settings/Views/SettingsInputFields.swift"; sourceTree = SOURCE_ROOT; };
		FD9000000000000000000009 /* SettingsViewSupport.swift */ = {isa = PBXFileReference; lastKnownFileType = sourcecode.swift; name = SettingsViewSupport.swift; path = "Voice Chat/Features/Settings/Views/SettingsViewSupport.swift"; sourceTree = SOURCE_ROOT; };
		FD900000000000000000000B /* ChatModelMetadata.swift */ = {isa = PBXFileReference; lastKnownFileType = sourcecode.swift; name = ChatModelMetadata.swift; path = "Voice Chat/Features/Chat/Models/ChatModelMetadata.swift"; sourceTree = SOURCE_ROOT; };
		FD900000000000000000000D /* NetworkRetry.swift */ = {isa = PBXFileReference; lastKnownFileType = sourcecode.swift; name = NetworkRetry.swift; path = "Voice Chat/Features/Chat/Models/NetworkRetry.swift"; sourceTree = SOURCE_ROOT; };
		FD900000000000000000000F /* SettingsEntities.swift */ = {isa = PBXFileReference; lastKnownFileType = sourcecode.swift; name = SettingsEntities.swift; path = "Voice Chat/Features/Settings/Models/SettingsEntities.swift"; sourceTree = SOURCE_ROOT; };
		FD9000000000000000000011 /* ChatStreamingModels.swift */ = {isa = PBXFileReference; lastKnownFileType = sourcecode.swift; name = ChatStreamingModels.swift; path = "Voice Chat/Features/Chat/Services/ChatStreamingModels.swift"; sourceTree = SOURCE_ROOT; };
		FD9000000000000000000013 /* ChatServiceConfiguration.swift */ = {isa = PBXFileReference; lastKnownFileType = sourcecode.swift; name = ChatServiceConfiguration.swift; path = "Voice Chat/Features/Chat/Services/ChatServiceConfiguration.swift"; sourceTree = SOURCE_ROOT; };
		FD9000000000000000000015 /* MessageComposerView.swift */ = {isa = PBXFileReference; lastKnownFileType = sourcecode.swift; name = MessageComposerView.swift; path = "Voice Chat/Features/Chat/Views/Components/MessageComposerView.swift"; sourceTree = SOURCE_ROOT; };
		FDA8D9202E7F0E320012B42F /* BubbleBackground.swift */ = {isa = PBXFileReference; lastKnownFileType = sourcecode.swift; name = BubbleBackground.swift; path = "Voice Chat/Features/Chat/Views/Components/BubbleBackground.swift"; sourceTree = SOURCE_ROOT; };
		FDA8D9212E7F0E320012B42F /* ChatTheme.swift */ = {isa = PBXFileReference; lastKnownFileType = sourcecode.swift; name = ChatTheme.swift; path = "Voice Chat/Features/Chat/Views/Components/ChatTheme.swift"; sourceTree = SOURCE_ROOT; };
		FDA8D9222E7F0E320012B42F /* ChatView.swift */ = {isa = PBXFileReference; lastKnownFileType = sourcecode.swift; name = ChatView.swift; path = "Voice Chat/Features/Chat/Views/ChatView.swift"; sourceTree = SOURCE_ROOT; };
		FDA8D9232E7F0E320012B42F /* RichMarkdownView.swift */ = {isa = PBXFileReference; lastKnownFileType = sourcecode.swift; name = RichMarkdownView.swift; path = "Voice Chat/Features/Chat/Views/Markdown/RichMarkdownView.swift"; sourceTree = SOURCE_ROOT; };
		FDA8D9242E7F0E320012B42F /* ThinkParts.swift */ = {isa = PBXFileReference; lastKnownFileType = sourcecode.swift; name = ThinkParts.swift; path = "Voice Chat/Features/Chat/Views/Components/ThinkParts.swift"; sourceTree = SOURCE_ROOT; };
		FDA8D92B2E7F0ED00012B42F /* TailLinesText.swift */ = {isa = PBXFileReference; lastKnownFileType = sourcecode.swift; name = TailLinesText.swift; path = "Voice Chat/Features/Chat/Views/Components/TailLinesText.swift"; sourceTree = SOURCE_ROOT; };
		FDA8D92D2E7F0EE30012B42F /* PreferenceKeys.swift */ = {isa = PBXFileReference; lastKnownFileType = sourcecode.swift; name = PreferenceKeys.swift; path = "Voice Chat/Features/Chat/Views/Components/PreferenceKeys.swift"; sourceTree = SOURCE_ROOT; };
		FDA8D92F2E7F0EF50012B42F /* LayoutHelpers.swift */ = {isa = PBXFileReference; lastKnownFileType = sourcecode.swift; name = LayoutHelpers.swift; path = "Voice Chat/Features/Chat/Views/Components/LayoutHelpers.swift"; sourceTree = SOURCE_ROOT; };
		FDA8D9312E7F0F150012B42F /* AutoSizingTextEditor.swift */ = {isa = PBXFileReference; lastKnownFileType = sourcecode.swift; name = AutoSizingTextEditor.swift; path = "Voice Chat/Features/Chat/Views/Components/AutoSizingTextEditor.swift"; sourceTree = SOURCE_ROOT; };
		FDA8D9332E7F0F260012B42F /* LoadingViews.swift */ = {isa = PBXFileReference; lastKnownFileType = sourcecode.swift; name = LoadingViews.swift; path = "Voice Chat/Features/Chat/Views/Components/LoadingViews.swift"; sourceTree = SOURCE_ROOT; };
		FDA8D9352E7F0F360012B42F /* VoiceMessageView.swift */ = {isa = PBXFileReference; lastKnownFileType = sourcecode.swift; name = VoiceMessageView.swift; path = "Voice Chat/Features/Chat/Views/Components/VoiceMessageView.swift"; sourceTree = SOURCE_ROOT; };
		FDA8D9372E7F0F520012B42F /* FullScreenComposer.swift */ = {isa = PBXFileReference; lastKnownFileType = sourcecode.swift; name = FullScreenComposer.swift; path = "Voice Chat/Features/Chat/Views/Components/FullScreenComposer.swift"; sourceTree = SOURCE_ROOT; };
		FDA8D9392E7F11F00012B42F /* AudioRequests.swift */ = {isa = PBXFileReference; lastKnownFileType = sourcecode.swift; name = AudioRequests.swift; path = "Voice Chat/Core/Audio/Support/AudioRequests.swift"; sourceTree = SOURCE_ROOT; };
		FDA8D93B2E7F12040012B42F /* AudioPlayback.swift */ = {isa = PBXFileReference; lastKnownFileType = sourcecode.swift; name = AudioPlayback.swift; path = "Voice Chat/Core/Audio/Support/AudioPlayback.swift"; sourceTree = SOURCE_ROOT; };
		FDA8D93D2E7F12190012B42F /* AVAudioDelegate.swift */ = {isa = PBXFileReference; lastKnownFileType = sourcecode.swift; name = AVAudioDelegate.swift; path = "Voice Chat/Core/Audio/Support/AVAudioDelegate.swift"; sourceTree = SOURCE_ROOT; };
		FDA8D93F2E7F12310012B42F /* AudioTimers.swift */ = {isa = PBXFileReference; lastKnownFileType = sourcecode.swift; name = AudioTimers.swift; path = "Voice Chat/Core/Audio/Support/AudioTimers.swift"; sourceTree = SOURCE_ROOT; };
		FDA8D9432E7F12AA0012B42F /* TextSegmentation.swift */ = {isa = PBXFileReference; lastKnownFileType = sourcecode.swift; name = TextSegmentation.swift; path = "Voice Chat/Core/Audio/Support/TextSegmentation.swift"; sourceTree = SOURCE_ROOT; };
		FDA8D9462E7F13050012B42F /* SafeArray.swift */ = {isa = PBXFileReference; lastKnownFileType = sourcecode.swift; name = SafeArray.swift; path = "Voice Chat/Core/Audio/Support/SafeArray.swift"; sourceTree = SOURCE_ROOT; };
		FDA8D9482E7F13340012B42F /* RegexSplitString.swift */ = {isa = PBXFileReference; lastKnownFileType = sourcecode.swift; name = RegexSplitString.swift; path = "Voice Chat/Core/Audio/Support/RegexSplitString.swift"; sourceTree = SOURCE_ROOT; };
		FDAFF0002F90000000000001 /* ContentFingerprint.swift */ = {isa = PBXFileReference; lastKnownFileType = sourcecode.swift; name = ContentFingerprint.swift; path = "Voice Chat/Features/Chat/Views/Components/ContentFingerprint.swift"; sourceTree = SOURCE_ROOT; };
		FDAFF0022F90000000000001 /* MessageRenderCache.swift */ = {isa = PBXFileReference; lastKnownFileType = sourcecode.swift; name = MessageRenderCache.swift; path = "Voice Chat/Features/Chat/Views/Components/MessageRenderCache.swift"; sourceTree = SOURCE_ROOT; };
		FDB5FD0A2F0000010000001A /* en */ = {isa = PBXFileReference; lastKnownFileType = text.plist.strings; name = en; path = Resources/Localization/en.lproj/Localizable.strings; sourceTree = "<group>"; };
		FDB5FD0B2F0000010000001A /* zh-Hans */ = {isa = PBXFileReference; lastKnownFileType = text.plist.strings; name = "zh-Hans"; path = "Resources/Localization/zh-Hans.lproj/Localizable.strings"; sourceTree = "<group>"; };
		FDB5FD0C2F0000010000001A /* zh-Hant */ = {isa = PBXFileReference; lastKnownFileType = text.plist.strings; name = "zh-Hant"; path = "Resources/Localization/zh-Hant.lproj/Localizable.strings"; sourceTree = "<group>"; };
		FDB5FD0D2F0000010000001A /* ja */ = {isa = PBXFileReference; lastKnownFileType = text.plist.strings; name = ja; path = Resources/Localization/ja.lproj/Localizable.strings; sourceTree = "<group>"; };
		FDB5FD122F0000010000001A /* ar */ = {isa = PBXFileReference; lastKnownFileType = text.plist.strings; name = ar; path = Resources/Localization/ar.lproj/Localizable.strings; sourceTree = "<group>"; };
		FDB5FD132F0000010000001A /* de */ = {isa = PBXFileReference; lastKnownFileType = text.plist.strings; name = de; path = Resources/Localization/de.lproj/Localizable.strings; sourceTree = "<group>"; };
		FDB5FD142F0000010000001A /* es */ = {isa = PBXFileReference; lastKnownFileType = text.plist.strings; name = es; path = Resources/Localization/es.lproj/Localizable.strings; sourceTree = "<group>"; };
		FDB5FD152F0000010000001A /* fr */ = {isa = PBXFileReference; lastKnownFileType = text.plist.strings; name = fr; path = Resources/Localization/fr.lproj/Localizable.strings; sourceTree = "<group>"; };
		FDB5FD162F0000010000001A /* ko */ = {isa = PBXFileReference; lastKnownFileType = text.plist.strings; name = ko; path = Resources/Localization/ko.lproj/Localizable.strings; sourceTree = "<group>"; };
		FDB5FD2A2F0000010000001B /* en */ = {isa = PBXFileReference; lastKnownFileType = text.plist.strings; name = en; path = Resources/Localization/en.lproj/InfoPlist.strings; sourceTree = "<group>"; };
		FDB5FD2B2F0000010000001B /* zh-Hans */ = {isa = PBXFileReference; lastKnownFileType = text.plist.strings; name = "zh-Hans"; path = "Resources/Localization/zh-Hans.lproj/InfoPlist.strings"; sourceTree = "<group>"; };
		FDB5FD2C2F0000010000001B /* zh-Hant */ = {isa = PBXFileReference; lastKnownFileType = text.plist.strings; name = "zh-Hant"; path = "Resources/Localization/zh-Hant.lproj/InfoPlist.strings"; sourceTree = "<group>"; };
		FDB5FD2D2F0000010000001B /* ja */ = {isa = PBXFileReference; lastKnownFileType = text.plist.strings; name = ja; path = Resources/Localization/ja.lproj/InfoPlist.strings; sourceTree = "<group>"; };
		FDB5FD322F0000010000001B /* ar */ = {isa = PBXFileReference; lastKnownFileType = text.plist.strings; name = ar; path = Resources/Localization/ar.lproj/InfoPlist.strings; sourceTree = "<group>"; };
		FDB5FD332F0000010000001B /* de */ = {isa = PBXFileReference; lastKnownFileType = text.plist.strings; name = de; path = Resources/Localization/de.lproj/InfoPlist.strings; sourceTree = "<group>"; };
		FDB5FD342F0000010000001B /* es */ = {isa = PBXFileReference; lastKnownFileType = text.plist.strings; name = es; path = Resources/Localization/es.lproj/InfoPlist.strings; sourceTree = "<group>"; };
		FDB5FD352F0000010000001B /* fr */ = {isa = PBXFileReference; lastKnownFileType = text.plist.strings; name = fr; path = Resources/Localization/fr.lproj/InfoPlist.strings; sourceTree = "<group>"; };
		FDB5FD362F0000010000001B /* ko */ = {isa = PBXFileReference; lastKnownFileType = text.plist.strings; name = ko; path = Resources/Localization/ko.lproj/InfoPlist.strings; sourceTree = "<group>"; };
		FDD6A0B02F1D000100000001 /* MessageDetailsView.swift */ = {isa = PBXFileReference; lastKnownFileType = sourcecode.swift; name = MessageDetailsView.swift; path = "Voice Chat/Features/Chat/Views/Components/MessageDetailsView.swift"; sourceTree = SOURCE_ROOT; };
		FDF0B0012F8F000000000001 /* RealtimeVoiceWindowController.swift */ = {isa = PBXFileReference; lastKnownFileType = sourcecode.swift; name = RealtimeVoiceWindowController.swift; path = "Voice Chat/Features/VoiceOverlay/Controllers/RealtimeVoiceWindowController.swift"; sourceTree = SOURCE_ROOT; };
		FDF714C02E7FC54100B62D71 /* IncrementalTextSegmenter.swift */ = {isa = PBXFileReference; lastKnownFileType = sourcecode.swift; name = IncrementalTextSegmenter.swift; path = "Voice Chat/Core/Audio/Support/IncrementalTextSegmenter.swift"; sourceTree = SOURCE_ROOT; };
		FDF714C22E7FC55300B62D71 /* VoiceChatOverlayViewModel.swift */ = {isa = PBXFileReference; lastKnownFileType = sourcecode.swift; name = VoiceChatOverlayViewModel.swift; path = "Voice Chat/Features/VoiceOverlay/ViewModels/VoiceChatOverlayViewModel.swift"; sourceTree = SOURCE_ROOT; };
		FDF714C42E7FC59000B62D71 /* RealtimeVoiceOverlayView.swift */ = {isa = PBXFileReference; lastKnownFileType = sourcecode.swift; name = RealtimeVoiceOverlayView.swift; path = "Voice Chat/Features/VoiceOverlay/Views/RealtimeVoiceOverlayView.swift"; sourceTree = SOURCE_ROOT; };
		FDF714C62F91000000B62D71 /* VoiceVisionCameraView.swift */ = {isa = PBXFileReference; lastKnownFileType = sourcecode.swift; name = VoiceVisionCameraView.swift; path = "Voice Chat/Features/VoiceOverlay/Views/VoiceVisionCameraView.swift"; sourceTree = SOURCE_ROOT; };
		FDFE0A002F12340000000001 /* AppErrorCenter.swift */ = {isa = PBXFileReference; lastKnownFileType = sourcecode.swift; name = AppErrorCenter.swift; path = "Voice Chat/Core/Errors/AppErrorCenter.swift"; sourceTree = SOURCE_ROOT; };
		FDFE0A022F12340000000001 /* ErrorNoticeStack.swift */ = {isa = PBXFileReference; lastKnownFileType = sourcecode.swift; name = ErrorNoticeStack.swift; path = "Voice Chat/Shared/UI/Feedback/ErrorNoticeStack.swift"; sourceTree = SOURCE_ROOT; };
		FDFE0A042F123C0000000001 /* ServerReachabilityMonitor.swift */ = {isa = PBXFileReference; lastKnownFileType = sourcecode.swift; name = ServerReachabilityMonitor.swift; path = "Voice Chat/Core/Networking/ServerReachabilityMonitor.swift"; sourceTree = SOURCE_ROOT; };
		FDFFEEE02F20000000000001 /* ChatSessionRepository.swift */ = {isa = PBXFileReference; lastKnownFileType = sourcecode.swift; name = ChatSessionRepository.swift; path = "Voice Chat/Features/Sessions/Services/ChatSessionRepository.swift"; sourceTree = SOURCE_ROOT; };
/* End PBXFileReference section */

/* Begin PBXFrameworksBuildPhase section */
		B329D6542B394979000A17C9 /* Frameworks */ = {
			isa = PBXFrameworksBuildPhase;
			buildActionMask = 2147483647;
			files = (
				FD423AE02F07B7C10016D0B4 /* Markdown in Frameworks */,
				B7F0020013A2000000AA0001 /* VoiceChatRaTeX in Frameworks */,
			);
			runOnlyForDeploymentPostprocessing = 0;
		};
/* End PBXFrameworksBuildPhase section */

/* Begin PBXGroup section */
		B329D64E2B394979000A17C9 = {
			isa = PBXGroup;
			children = (
				B329D6592B394979000A17C9 /* Voice Chat */,
				B329D6582B394979000A17C9 /* Products */,
			);
			sourceTree = "<group>";
		};
		B329D6582B394979000A17C9 /* Products */ = {
			isa = PBXGroup;
			children = (
				B329D6572B394979000A17C9 /* Voice Chat.app */,
			);
			name = Products;
			sourceTree = "<group>";
		};
		B329D6592B394979000A17C9 /* Voice Chat */ = {
			isa = PBXGroup;
			children = (
				FD9100000000000000000005 /* App */,
				FD910000000000000000000A /* Core */,
				FD9100000000000000000012 /* Features */,
				FD9100000000000000000024 /* Shared */,
				FD9100000000000000000027 /* Resources */,
			);
			path = "Voice Chat";
			sourceTree = "<group>";
		};
		B329D6602B39497A000A17C9 /* Preview Content */ = {
			isa = PBXGroup;
			children = (
				B329D6612B39497A000A17C9 /* Preview Assets.xcassets */,
			);
			path = "Preview Content";
			sourceTree = "<group>";
		};
		FD9100000000000000000001 /* Entrypoint */ = {
			isa = PBXGroup;
			children = (
				B329D65A2B394979000A17C9 /* Voice_ChatApp.swift */,
				FD9000000000000000000003 /* AppMenuCommands.swift */,
			);
			path = Entrypoint;
			sourceTree = "<group>";
		};
		FD9100000000000000000002 /* Composition */ = {
			isa = PBXGroup;
			children = (
				FD0A0A0F2F123E0000000001 /* AppEnvironment.swift */,
				FD9000000000000000000001 /* AppLocalization.swift */,
			);
			path = Composition;
			sourceTree = "<group>";
		};
		FD9100000000000000000003 /* Startup */ = {
			isa = PBXGroup;
			children = (
				FD2DD7D42F26000100000001 /* StartupDataGate.swift */,
			);
			path = Startup;
			sourceTree = "<group>";
		};
		FD9100000000000000000004 /* Shell */ = {
			isa = PBXGroup;
			children = (
				FD40D5732CA875CC0064E732 /* ContentView.swift */,
				FD9000000000000000000005 /* VisionRootView.swift */,
			);
			path = Shell;
			sourceTree = "<group>";
		};
		FD9100000000000000000005 /* App */ = {
			isa = PBXGroup;
			children = (
				FD9100000000000000000001 /* Entrypoint */,
				FD9100000000000000000002 /* Composition */,
				FD9100000000000000000003 /* Startup */,
				FD9100000000000000000004 /* Shell */,
			);
			path = App;
			sourceTree = "<group>";
		};
		FD9100000000000000000006 /* Audio */ = {
			isa = PBXGroup;
			children = (
				FD910000000000000000000B /* Services */,
				FD910000000000000000000C /* Support */,
				FD910000000000000000000D /* Views */,
			);
			path = Audio;
			sourceTree = "<group>";
		};
		FD9100000000000000000007 /* Networking */ = {
			isa = PBXGroup;
			children = (
				FDFE0A042F123C0000000001 /* ServerReachabilityMonitor.swift */,
			);
			path = Networking;
			sourceTree = "<group>";
		};
		FD9100000000000000000008 /* Security */ = {
			isa = PBXGroup;
			children = (
				219680AEAF301A24A236086F /* KeychainStore.swift */,
			);
			path = Security;
			sourceTree = "<group>";
		};
		FD9100000000000000000009 /* Errors */ = {
			isa = PBXGroup;
			children = (
				FDFE0A002F12340000000001 /* AppErrorCenter.swift */,
			);
			path = Errors;
			sourceTree = "<group>";
		};
		FD910000000000000000000A /* Core */ = {
			isa = PBXGroup;
			children = (
				FD9100000000000000000006 /* Audio */,
				FD9100000000000000000007 /* Networking */,
				FD9100000000000000000008 /* Security */,
				FD9100000000000000000009 /* Errors */,
			);
			path = Core;
			sourceTree = "<group>";
		};
		FD910000000000000000000B /* Services */ = {
			isa = PBXGroup;
			children = (
				FD40D5752CA876010064E732 /* GlobalAudioManager.swift */,
				FD7228642E7EBE22005BF261 /* SpeechInputManager.swift */,
			);
			path = Services;
			sourceTree = "<group>";
		};
		FD910000000000000000000C /* Support */ = {
			isa = PBXGroup;
			children = (
				FDA8D9392E7F11F00012B42F /* AudioRequests.swift */,
				FDA8D93B2E7F12040012B42F /* AudioPlayback.swift */,
				FDA8D93D2E7F12190012B42F /* AVAudioDelegate.swift */,
				FDA8D93F2E7F12310012B42F /* AudioTimers.swift */,
				FDA8D9432E7F12AA0012B42F /* TextSegmentation.swift */,
				FDF714C02E7FC54100B62D71 /* IncrementalTextSegmenter.swift */,
				FDA8D9462E7F13050012B42F /* SafeArray.swift */,
				FDA8D9482E7F13340012B42F /* RegexSplitString.swift */,
			);
			path = Support;
			sourceTree = "<group>";
		};
		FD910000000000000000000D /* Views */ = {
			isa = PBXGroup;
			children = (
				FD40D5712CA871120064E732 /* AudioPlayerView.swift */,
			);
			path = Views;
			sourceTree = "<group>";
		};
		FD910000000000000000000E /* Chat */ = {
			isa = PBXGroup;
			children = (
				FD9100000000000000000013 /* Models */,
				FD9100000000000000000014 /* Services */,
				FD9100000000000000000015 /* ViewModels */,
				FD9100000000000000000016 /* Views */,
			);
			path = Chat;
			sourceTree = "<group>";
		};
		FD910000000000000000000F /* Sessions */ = {
			isa = PBXGroup;
			children = (
				FD9100000000000000000019 /* Models */,
				FD910000000000000000001A /* Services */,
				FD910000000000000000001B /* ViewModels */,
				FD910000000000000000001C /* Views */,
			);
			path = Sessions;
			sourceTree = "<group>";
		};
		FD9100000000000000000010 /* Settings */ = {
			isa = PBXGroup;
			children = (
				FD910000000000000000001D /* Models */,
				FD910000000000000000001E /* ViewModels */,
				FD910000000000000000001F /* Views */,
			);
			path = Settings;
			sourceTree = "<group>";
		};
		FD9100000000000000000011 /* VoiceOverlay */ = {
			isa = PBXGroup;
			children = (
				FD9100000000000000000020 /* Controllers */,
				FD9100000000000000000021 /* ViewModels */,
				FD9100000000000000000022 /* Views */,
			);
			path = VoiceOverlay;
			sourceTree = "<group>";
		};
		FD9100000000000000000012 /* Features */ = {
			isa = PBXGroup;
			children = (
				FD910000000000000000000E /* Chat */,
				FD910000000000000000000F /* Sessions */,
				FD9100000000000000000010 /* Settings */,
				FD9100000000000000000011 /* VoiceOverlay */,
			);
			path = Features;
			sourceTree = "<group>";
		};
		FD9100000000000000000013 /* Models */ = {
			isa = PBXGroup;
			children = (
				FD0B94E62CD90A2500DBFA1D /* ChatMessage.swift */,
				FD0C3AC62C9F54A9009095A1 /* Models.swift */,
				FD900000000000000000000B /* ChatModelMetadata.swift */,
				FD900000000000000000000D /* NetworkRetry.swift */,
			);
			path = Models;
			sourceTree = "<group>";
		};
		FD9100000000000000000014 /* Services */ = {
			isa = PBXGroup;
			children = (
				FD9000000000000000000011 /* ChatStreamingModels.swift */,
				FD9000000000000000000013 /* ChatServiceConfiguration.swift */,
				B4E916D42B4BDBD900E49A6B /* ChatService.swift */,
			);
			path = Services;
			sourceTree = "<group>";
		};
		FD9100000000000000000015 /* ViewModels */ = {
			isa = PBXGroup;
			children = (
				B4A629582B59617A006125B5 /* ChatViewModel.swift */,
			);
			path = ViewModels;
			sourceTree = "<group>";
		};
		FD9100000000000000000016 /* Views */ = {
			isa = PBXGroup;
			children = (
				FDA8D9222E7F0E320012B42F /* ChatView.swift */,
				FD2DD7D22D65A7A200D124A6 /* MainContentView.swift */,
				FD9100000000000000000017 /* Components */,
				FD9100000000000000000018 /* Markdown */,
			);
			path = Views;
			sourceTree = "<group>";
		};
		FD9100000000000000000017 /* Components */ = {
			isa = PBXGroup;
			children = (
				FDA8D9202E7F0E320012B42F /* BubbleBackground.swift */,
				FDA8D9212E7F0E320012B42F /* ChatTheme.swift */,
				FDA8D9242E7F0E320012B42F /* ThinkParts.swift */,
				FDA8D92B2E7F0ED00012B42F /* TailLinesText.swift */,
				FDA8D92D2E7F0EE30012B42F /* PreferenceKeys.swift */,
				FDA8D92F2E7F0EF50012B42F /* LayoutHelpers.swift */,
				FDA8D9312E7F0F150012B42F /* AutoSizingTextEditor.swift */,
				A9C4B2103F8A4D2200C0DE01 /* MacCameraCaptureSheet.swift */,
				FDA8D9332E7F0F260012B42F /* LoadingViews.swift */,
				FDA8D9352E7F0F360012B42F /* VoiceMessageView.swift */,
				FDD6A0B02F1D000100000001 /* MessageDetailsView.swift */,
				FDA8D9372E7F0F520012B42F /* FullScreenComposer.swift */,
				92A53B05B12C4E0689036C84 /* TextSelectionSheet.swift */,
				FDAFF0002F90000000000001 /* ContentFingerprint.swift */,
				FDAFF0022F90000000000001 /* MessageRenderCache.swift */,
				FD9000000000000000000015 /* MessageComposerView.swift */,
			);
			path = Components;
			sourceTree = "<group>";
		};
		FD9100000000000000000018 /* Markdown */ = {
			isa = PBXGroup;
			children = (
				FDA8D9232E7F0E320012B42F /* RichMarkdownView.swift */,
				9FD5410AC9490AAD00A24145 /* MarkdownTextView.swift */,
				2B1C505F6C6E82CEFFD96AAE /* MarkdownTextCoordinator.swift */,
				221380AED73400A2E5CF1BF5 /* MarkdownStyle.swift */,
				6D65F433F37BABBAEEFE71C5 /* MarkdownAttributedStringRenderer.swift */,
				B7A0A0113A10000100AA0001 /* MarkdownMathPreprocessor.swift */,
				B7A0A0123A10000100AA0001 /* MarkdownMathCore.swift */,
				B7A0A0133A10000100AA0001 /* MarkdownMathAttachment.swift */,
				B7A0A0143A10000100AA0001 /* MarkdownMathViewsUIKit.swift */,
				B7A0A0153A10000100AA0001 /* MarkdownMathViewsAppKit.swift */,
				B9E3106DB55A775AF7BE384A /* MarkdownAttachmentsCore.swift */,
				E412283226A67A4F5019F147 /* MarkdownAttachmentViewsUIKit.swift */,
				27E86C1B8F2522CFBCEA84C5 /* MarkdownAttachmentViewsAppKit.swift */,
				7AEA24E21CCE3BFA49920260 /* MarkdownAttachments.swift */,
				CFA25ED1E52CB2CA427EFFE1 /* MarkdownUtilities.swift */,
			);
			path = Markdown;
			sourceTree = "<group>";
		};
		FD9100000000000000000019 /* Models */ = {
			isa = PBXGroup;
			children = (
				FD0B94E02CD9082600DBFA1D /* ChatSession.swift */,
			);
			path = Models;
			sourceTree = "<group>";
		};
		FD910000000000000000001A /* Services */ = {
			isa = PBXGroup;
			children = (
				FDFFEEE02F20000000000001 /* ChatSessionRepository.swift */,
			);
			path = Services;
			sourceTree = "<group>";
		};
		FD910000000000000000001B /* ViewModels */ = {
			isa = PBXGroup;
			children = (
				FD0B94DE2CD9080700DBFA1D /* ChatSessionsViewModel.swift */,
			);
			path = ViewModels;
			sourceTree = "<group>";
		};
		FD910000000000000000001C /* Views */ = {
			isa = PBXGroup;
			children = (
				FD0B94E22CD9095C00DBFA1D /* SidebarView.swift */,
			);
			path = Views;
			sourceTree = "<group>";
		};
		FD910000000000000000001D /* Models */ = {
			isa = PBXGroup;
			children = (
				FD900000000000000000000F /* SettingsEntities.swift */,
				FD6E97242CA92C840086C234 /* SettingsManager.swift */,
			);
			path = Models;
			sourceTree = "<group>";
		};
		FD910000000000000000001E /* ViewModels */ = {
			isa = PBXGroup;
			children = (
				FD0577A42CB626FD009FC45C /* SettingsViewModel.swift */,
			);
			path = ViewModels;
			sourceTree = "<group>";
		};
		FD910000000000000000001F /* Views */ = {
			isa = PBXGroup;
			children = (
				FD0C3AB12C9F38F2009095A1 /* SettingsView.swift */,
				FD9000000000000000000007 /* SettingsInputFields.swift */,
				FD9000000000000000000009 /* SettingsViewSupport.swift */,
			);
			path = Views;
			sourceTree = "<group>";
		};
		FD9100000000000000000020 /* Controllers */ = {
			isa = PBXGroup;
			children = (
				FDF0B0012F8F000000000001 /* RealtimeVoiceWindowController.swift */,
			);
			path = Controllers;
			sourceTree = "<group>";
		};
		FD9100000000000000000021 /* ViewModels */ = {
			isa = PBXGroup;
			children = (
				FDF714C22E7FC55300B62D71 /* VoiceChatOverlayViewModel.swift */,
				B4E916DE2B4BF0E500E49A6B /* VoiceViewModel.swift */,
			);
			path = ViewModels;
			sourceTree = "<group>";
		};
		FD9100000000000000000022 /* Views */ = {
			isa = PBXGroup;
			children = (
				FDF714C42E7FC59000B62D71 /* RealtimeVoiceOverlayView.swift */,
				FDF714C62F91000000B62D71 /* VoiceVisionCameraView.swift */,
			);
			path = Views;
			sourceTree = "<group>";
		};
		FD9100000000000000000023 /* UI */ = {
			isa = PBXGroup;
			children = (
				FD9100000000000000000025 /* Chrome */,
				FD9100000000000000000026 /* Feedback */,
			);
			path = UI;
			sourceTree = "<group>";
		};
		FD9100000000000000000024 /* Shared */ = {
			isa = PBXGroup;
			children = (
				FD9100000000000000000023 /* UI */,
			);
			path = Shared;
			sourceTree = "<group>";
		};
		FD9100000000000000000025 /* Chrome */ = {
			isa = PBXGroup;
			children = (
				D4570041CD56B63DCA44B5C0 /* AppChrome.swift */,
				FD7AF1B32CD896B900A5080B /* BlurView.swift */,
				FD2DD7D02D65A76900D124A6 /* SideMenuContainerViewController.swift */,
			);
			path = Chrome;
			sourceTree = "<group>";
		};
		FD9100000000000000000026 /* Feedback */ = {
			isa = PBXGroup;
			children = (
				FDFE0A022F12340000000001 /* ErrorNoticeStack.swift */,
			);
			path = Feedback;
			sourceTree = "<group>";
		};
		FD9100000000000000000027 /* Resources */ = {
			isa = PBXGroup;
			children = (
				FD0B94DD2CD8E63500DBFA1D /* Voice Chat.entitlements */,
				FDB5FD402F0000010000001C /* Localization */,
				B329D65E2B39497A000A17C9 /* Assets.xcassets */,
				B329D6602B39497A000A17C9 /* Preview Content */,
			);
			name = Resources;
			sourceTree = "<group>";
		};
		FDB5FD402F0000010000001C /* Localization */ = {
			isa = PBXGroup;
			children = (
				FDB5FD102F0000010000001A /* Localizable.strings */,
				FDB5FD202F0000010000001B /* InfoPlist.strings */,
			);
			name = Localization;
			sourceTree = "<group>";
		};
/* End PBXGroup section */

/* Begin PBXNativeTarget section */
		B329D6562B394979000A17C9 /* Voice Chat */ = {
			isa = PBXNativeTarget;
			buildConfigurationList = B329D6652B39497A000A17C9 /* Build configuration list for PBXNativeTarget "Voice Chat" */;
			buildPhases = (
				B329D6532B394979000A17C9 /* Sources */,
				B329D6542B394979000A17C9 /* Frameworks */,
				B329D6552B394979000A17C9 /* Resources */,
			);
			buildRules = (
			);
			dependencies = (
			);
			name = "Voice Chat";
			packageProductDependencies = (
				FD423ADF2F07B7C10016D0B4 /* Markdown */,
				B7F0020213A2000000AA0001 /* VoiceChatRaTeX */,
			);
			productName = "Voice Chat";
			productReference = B329D6572B394979000A17C9 /* Voice Chat.app */;
			productType = "com.apple.product-type.application";
		};
/* End PBXNativeTarget section */

/* Begin PBXProject section */
		B329D64F2B394979000A17C9 /* Project object */ = {
			isa = PBXProject;
			attributes = {
				BuildIndependentTargetsInParallel = 1;
				LastSwiftUpdateCheck = 1510;
				LastUpgradeCheck = 2600;
				TargetAttributes = {
					B329D6562B394979000A17C9 = {
						CreatedOnToolsVersion = 15.1;
					};
				};
			};
			buildConfigurationList = B329D6522B394979000A17C9 /* Build configuration list for PBXProject "Voice Chat" */;
			compatibilityVersion = "Xcode 14.0";
			developmentRegion = en;
			hasScannedForEncodings = 0;
			knownRegions = (
				ar,
				de,
				en,
				es,
				fr,
				ko,
				"zh-Hans",
				"zh-Hant",
				ja,
				Base,
			);
			mainGroup = B329D64E2B394979000A17C9;
			packageReferences = (
				FD423ADE2F07B7C10016D0B4 /* XCRemoteSwiftPackageReference "swift-markdown" */,
				B7F0020113A2000000AA0001 /* XCLocalSwiftPackageReference "Packages/VoiceChatRaTeX" */,
			);
			productRefGroup = B329D6582B394979000A17C9 /* Products */;
			projectDirPath = "";
			projectRoot = "";
			targets = (
				B329D6562B394979000A17C9 /* Voice Chat */,
			);
		};
/* End PBXProject section */

/* Begin PBXResourcesBuildPhase section */
		B329D6552B394979000A17C9 /* Resources */ = {
			isa = PBXResourcesBuildPhase;
			buildActionMask = 2147483647;
			files = (
				B329D6622B39497A000A17C9 /* Preview Assets.xcassets in Resources */,
				B329D65F2B39497A000A17C9 /* Assets.xcassets in Resources */,
				FDB5FD112F0000010000001A /* Localizable.strings in Resources */,
				FDB5FD212F0000010000001B /* InfoPlist.strings in Resources */,
			);
			runOnlyForDeploymentPostprocessing = 0;
		};
/* End PBXResourcesBuildPhase section */

/* Begin PBXSourcesBuildPhase section */
		B329D6532B394979000A17C9 /* Sources */ = {
			isa = PBXSourcesBuildPhase;
			buildActionMask = 2147483647;
			files = (
				A9C4B2103F8A4D2200C0DE02 /* MacCameraCaptureSheet.swift in Sources */,
				FD0A0A102F123E0000000001 /* AppEnvironment.swift in Sources */,
				FD2DD7D12D65A76900D124A6 /* SideMenuContainerViewController.swift in Sources */,
				C4442FE0C1135115CFA62BDD /* AppChrome.swift in Sources */,
				FD0B94E72CD90A2500DBFA1D /* ChatMessage.swift in Sources */,
				FDA8D9342E7F0F260012B42F /* LoadingViews.swift in Sources */,
				FDA8D9322E7F0F150012B42F /* AutoSizingTextEditor.swift in Sources */,
				FD7228652E7EBE22005BF261 /* SpeechInputManager.swift in Sources */,
				FD40D5722CA871120064E732 /* AudioPlayerView.swift in Sources */,
				FDA8D9402E7F12310012B42F /* AudioTimers.swift in Sources */,
				FD0B94E32CD9095C00DBFA1D /* SidebarView.swift in Sources */,
				FDA8D93C2E7F12040012B42F /* AudioPlayback.swift in Sources */,
				FD7AF1B42CD896B900A5080B /* BlurView.swift in Sources */,
				FD40D5762CA876010064E732 /* GlobalAudioManager.swift in Sources */,
				FDA8D9492E7F13340012B42F /* RegexSplitString.swift in Sources */,
				FDA8D9302E7F0EF50012B42F /* LayoutHelpers.swift in Sources */,
				FDFFEEE12F20000000000001 /* ChatSessionRepository.swift in Sources */,
				B4E916D52B4BDBD900E49A6B /* ChatService.swift in Sources */,
				FD0C3AB22C9F38F2009095A1 /* SettingsView.swift in Sources */,
				FDFE0A012F12340000000001 /* AppErrorCenter.swift in Sources */,
				FD6E97252CA92C840086C234 /* SettingsManager.swift in Sources */,
				9531A726E227629A33E3B380 /* KeychainStore.swift in Sources */,
				FDA8D93E2E7F12190012B42F /* AVAudioDelegate.swift in Sources */,
				FDA8D92C2E7F0ED00012B42F /* TailLinesText.swift in Sources */,
				FDF714C12E7FC54100B62D71 /* IncrementalTextSegmenter.swift in Sources */,
				FD0B94E12CD9082600DBFA1D /* ChatSession.swift in Sources */,
				FDA8D92E2E7F0EE30012B42F /* PreferenceKeys.swift in Sources */,
				B4A629592B59617A006125B5 /* ChatViewModel.swift in Sources */,
				FDA8D9362E7F0F360012B42F /* VoiceMessageView.swift in Sources */,
				FDD6A0B12F1D000100000001 /* MessageDetailsView.swift in Sources */,
				FD0B94DF2CD9080700DBFA1D /* ChatSessionsViewModel.swift in Sources */,
				B329D65B2B394979000A17C9 /* Voice_ChatApp.swift in Sources */,
				FD2DD7D52F26000100000001 /* StartupDataGate.swift in Sources */,
				FDAFF0012F90000000000001 /* ContentFingerprint.swift in Sources */,
				FDF714C52E7FC59000B62D71 /* RealtimeVoiceOverlayView.swift in Sources */,
				FDFE0A052F123C0000000001 /* ServerReachabilityMonitor.swift in Sources */,
				FDA8D9262E7F0E320012B42F /* BubbleBackground.swift in Sources */,
				FDA8D9272E7F0E320012B42F /* ChatTheme.swift in Sources */,
				FDA8D9282E7F0E320012B42F /* ChatView.swift in Sources */,
				FDF714C72F91000000B62D71 /* VoiceVisionCameraView.swift in Sources */,
				FDA8D9472E7F13050012B42F /* SafeArray.swift in Sources */,
				FDA8D9382E7F0F520012B42F /* FullScreenComposer.swift in Sources */,
				F514BD68F40741539A1872CA /* TextSelectionSheet.swift in Sources */,
				FDF714C32E7FC55300B62D71 /* VoiceChatOverlayViewModel.swift in Sources */,
				FDA8D9292E7F0E320012B42F /* RichMarkdownView.swift in Sources */,
				D66C517B8B2A28EEC0566BFE /* MarkdownTextView.swift in Sources */,
				AE2A1D0A31C597D5386EF5B3 /* MarkdownTextCoordinator.swift in Sources */,
				2C90EB6374B89DA85430464C /* MarkdownStyle.swift in Sources */,
				EE43A506B09B5C0111462EB7 /* MarkdownAttributedStringRenderer.swift in Sources */,
				B7A0A0013A10000100AA0001 /* MarkdownMathPreprocessor.swift in Sources */,
				B7A0A0023A10000100AA0001 /* MarkdownMathCore.swift in Sources */,
				B7A0A0033A10000100AA0001 /* MarkdownMathAttachment.swift in Sources */,
				B7A0A0043A10000100AA0001 /* MarkdownMathViewsUIKit.swift in Sources */,
				B7A0A0053A10000100AA0001 /* MarkdownMathViewsAppKit.swift in Sources */,
				127355D0ADD6A6B0D5494FD8 /* MarkdownAttachmentsCore.swift in Sources */,
				B62024477293B49C915D33FD /* MarkdownAttachmentViewsUIKit.swift in Sources */,
				C0F1447A06E3F50BC2585521 /* MarkdownAttachmentViewsAppKit.swift in Sources */,
				5C865DE17CD6A6FA07787148 /* MarkdownAttachments.swift in Sources */,
				B0013EBDCC58A5723A3B434D /* MarkdownUtilities.swift in Sources */,
				FDA8D92A2E7F0E320012B42F /* ThinkParts.swift in Sources */,
				FDFE0A032F12340000000001 /* ErrorNoticeStack.swift in Sources */,
				FDAFF0032F90000000000001 /* MessageRenderCache.swift in Sources */,
				B4E916DF2B4BF0E500E49A6B /* VoiceViewModel.swift in Sources */,
				FD40D5742CA875CC0064E732 /* ContentView.swift in Sources */,
				FDF0B0022F8F000000000001 /* RealtimeVoiceWindowController.swift in Sources */,
				FDA8D93A2E7F11F00012B42F /* AudioRequests.swift in Sources */,
				FDA8D9442E7F12AA0012B42F /* TextSegmentation.swift in Sources */,
				FD2DD7D32D65A7A200D124A6 /* MainContentView.swift in Sources */,
				FD0C3AC72C9F54A9009095A1 /* Models.swift in Sources */,
				FD9000000000000000000102 /* AppLocalization.swift in Sources */,
				FD9000000000000000000104 /* AppMenuCommands.swift in Sources */,
				FD9000000000000000000106 /* VisionRootView.swift in Sources */,
				FD9000000000000000000108 /* SettingsInputFields.swift in Sources */,
				FD900000000000000000010A /* SettingsViewSupport.swift in Sources */,
				FD900000000000000000010C /* ChatModelMetadata.swift in Sources */,
				FD900000000000000000010E /* NetworkRetry.swift in Sources */,
				FD9000000000000000000110 /* SettingsEntities.swift in Sources */,
				FD9000000000000000000112 /* ChatStreamingModels.swift in Sources */,
				FD9000000000000000000114 /* ChatServiceConfiguration.swift in Sources */,
				FD9000000000000000000116 /* MessageComposerView.swift in Sources */,
				FD0577A52CB626FD009FC45C /* SettingsViewModel.swift in Sources */,
			);
			runOnlyForDeploymentPostprocessing = 0;
		};
/* End PBXSourcesBuildPhase section */

/* Begin PBXVariantGroup section */
		FDB5FD102F0000010000001A /* Localizable.strings */ = {
			isa = PBXVariantGroup;
			children = (
				FDB5FD122F0000010000001A /* ar */,
				FDB5FD132F0000010000001A /* de */,
				FDB5FD142F0000010000001A /* es */,
				FDB5FD152F0000010000001A /* fr */,
				FDB5FD162F0000010000001A /* ko */,
				FDB5FD0A2F0000010000001A /* en */,
				FDB5FD0B2F0000010000001A /* zh-Hans */,
				FDB5FD0C2F0000010000001A /* zh-Hant */,
				FDB5FD0D2F0000010000001A /* ja */,
			);
			name = Localizable.strings;
			sourceTree = "<group>";
		};
		FDB5FD202F0000010000001B /* InfoPlist.strings */ = {
			isa = PBXVariantGroup;
			children = (
				FDB5FD322F0000010000001B /* ar */,
				FDB5FD332F0000010000001B /* de */,
				FDB5FD342F0000010000001B /* es */,
				FDB5FD352F0000010000001B /* fr */,
				FDB5FD362F0000010000001B /* ko */,
				FDB5FD2A2F0000010000001B /* en */,
				FDB5FD2B2F0000010000001B /* zh-Hans */,
				FDB5FD2C2F0000010000001B /* zh-Hant */,
				FDB5FD2D2F0000010000001B /* ja */,
			);
			name = InfoPlist.strings;
			sourceTree = "<group>";
		};
/* End PBXVariantGroup section */

/* Begin XCBuildConfiguration section */
		B329D6632B39497A000A17C9 /* Debug */ = {
			isa = XCBuildConfiguration;
			buildSettings = {
				ALWAYS_SEARCH_USER_PATHS = NO;
				ASSETCATALOG_COMPILER_GENERATE_SWIFT_ASSET_SYMBOL_EXTENSIONS = YES;
				CLANG_ANALYZER_LOCALIZABILITY_NONLOCALIZED = YES;
				CLANG_ANALYZER_NONNULL = YES;
				CLANG_ANALYZER_NUMBER_OBJECT_CONVERSION = YES_AGGRESSIVE;
				CLANG_CXX_LANGUAGE_STANDARD = "gnu++20";
				CLANG_ENABLE_MODULES = YES;
				CLANG_ENABLE_OBJC_ARC = YES;
				CLANG_ENABLE_OBJC_WEAK = YES;
				CLANG_WARN_BLOCK_CAPTURE_AUTORELEASING = YES;
				CLANG_WARN_BOOL_CONVERSION = YES;
				CLANG_WARN_COMMA = YES;
				CLANG_WARN_CONSTANT_CONVERSION = YES;
				CLANG_WARN_DEPRECATED_OBJC_IMPLEMENTATIONS = YES;
				CLANG_WARN_DIRECT_OBJC_ISA_USAGE = YES_ERROR;
				CLANG_WARN_DOCUMENTATION_COMMENTS = YES;
				CLANG_WARN_EMPTY_BODY = YES;
				CLANG_WARN_ENUM_CONVERSION = YES;
				CLANG_WARN_INFINITE_RECURSION = YES;
				CLANG_WARN_INT_CONVERSION = YES;
				CLANG_WARN_NON_LITERAL_NULL_CONVERSION = YES;
				CLANG_WARN_OBJC_IMPLICIT_RETAIN_SELF = YES;
				CLANG_WARN_OBJC_LITERAL_CONVERSION = YES;
				CLANG_WARN_OBJC_ROOT_CLASS = YES_ERROR;
				CLANG_WARN_QUOTED_INCLUDE_IN_FRAMEWORK_HEADER = YES;
				CLANG_WARN_RANGE_LOOP_ANALYSIS = YES;
				CLANG_WARN_STRICT_PROTOTYPES = YES;
				CLANG_WARN_SUSPICIOUS_MOVE = YES;
				CLANG_WARN_UNGUARDED_AVAILABILITY = YES_AGGRESSIVE;
				CLANG_WARN_UNREACHABLE_CODE = YES;
				CLANG_WARN__DUPLICATE_METHOD_MATCH = YES;
				COPY_PHASE_STRIP = NO;
				DEBUG_INFORMATION_FORMAT = dwarf;
				DEVELOPMENT_TEAM = XTXQFBJ88M;
				ENABLE_STRICT_OBJC_MSGSEND = YES;
				ENABLE_TESTABILITY = YES;
				ENABLE_USER_SCRIPT_SANDBOXING = YES;
				GCC_C_LANGUAGE_STANDARD = gnu17;
				GCC_DYNAMIC_NO_PIC = NO;
				GCC_NO_COMMON_BLOCKS = YES;
				GCC_OPTIMIZATION_LEVEL = 0;
				GCC_PREPROCESSOR_DEFINITIONS = (
					"DEBUG=1",
					"$(inherited)",
				);
				GCC_WARN_64_TO_32_BIT_CONVERSION = YES;
				GCC_WARN_ABOUT_RETURN_TYPE = YES_ERROR;
				GCC_WARN_UNDECLARED_SELECTOR = YES;
				GCC_WARN_UNINITIALIZED_AUTOS = YES_AGGRESSIVE;
				GCC_WARN_UNUSED_FUNCTION = YES;
				GCC_WARN_UNUSED_VARIABLE = YES;
				IPHONEOS_DEPLOYMENT_TARGET = 17.2;
				LOCALIZATION_PREFERS_STRING_CATALOGS = YES;
				MTL_ENABLE_DEBUG_INFO = INCLUDE_SOURCE;
				MTL_FAST_MATH = YES;
				ONLY_ACTIVE_ARCH = YES;
				SDKROOT = iphoneos;
				STRING_CATALOG_GENERATE_SYMBOLS = YES;
				SWIFT_ACTIVE_COMPILATION_CONDITIONS = "DEBUG $(inherited)";
				SWIFT_OPTIMIZATION_LEVEL = "-Onone";
			};
			name = Debug;
		};
		B329D6642B39497A000A17C9 /* Release */ = {
			isa = XCBuildConfiguration;
			buildSettings = {
				ALWAYS_SEARCH_USER_PATHS = NO;
				ASSETCATALOG_COMPILER_GENERATE_SWIFT_ASSET_SYMBOL_EXTENSIONS = YES;
				CLANG_ANALYZER_LOCALIZABILITY_NONLOCALIZED = YES;
				CLANG_ANALYZER_NONNULL = YES;
				CLANG_ANALYZER_NUMBER_OBJECT_CONVERSION = YES_AGGRESSIVE;
				CLANG_CXX_LANGUAGE_STANDARD = "gnu++20";
				CLANG_ENABLE_MODULES = YES;
				CLANG_ENABLE_OBJC_ARC = YES;
				CLANG_ENABLE_OBJC_WEAK = YES;
				CLANG_WARN_BLOCK_CAPTURE_AUTORELEASING = YES;
				CLANG_WARN_BOOL_CONVERSION = YES;
				CLANG_WARN_COMMA = YES;
				CLANG_WARN_CONSTANT_CONVERSION = YES;
				CLANG_WARN_DEPRECATED_OBJC_IMPLEMENTATIONS = YES;
				CLANG_WARN_DIRECT_OBJC_ISA_USAGE = YES_ERROR;
				CLANG_WARN_DOCUMENTATION_COMMENTS = YES;
				CLANG_WARN_EMPTY_BODY = YES;
				CLANG_WARN_ENUM_CONVERSION = YES;
				CLANG_WARN_INFINITE_RECURSION = YES;
				CLANG_WARN_INT_CONVERSION = YES;
				CLANG_WARN_NON_LITERAL_NULL_CONVERSION = YES;
				CLANG_WARN_OBJC_IMPLICIT_RETAIN_SELF = YES;
				CLANG_WARN_OBJC_LITERAL_CONVERSION = YES;
				CLANG_WARN_OBJC_ROOT_CLASS = YES_ERROR;
				CLANG_WARN_QUOTED_INCLUDE_IN_FRAMEWORK_HEADER = YES;
				CLANG_WARN_RANGE_LOOP_ANALYSIS = YES;
				CLANG_WARN_STRICT_PROTOTYPES = YES;
				CLANG_WARN_SUSPICIOUS_MOVE = YES;
				CLANG_WARN_UNGUARDED_AVAILABILITY = YES_AGGRESSIVE;
				CLANG_WARN_UNREACHABLE_CODE = YES;
				CLANG_WARN__DUPLICATE_METHOD_MATCH = YES;
				COPY_PHASE_STRIP = NO;
				DEBUG_INFORMATION_FORMAT = "dwarf-with-dsym";
				DEVELOPMENT_TEAM = XTXQFBJ88M;
				ENABLE_NS_ASSERTIONS = NO;
				ENABLE_STRICT_OBJC_MSGSEND = YES;
				ENABLE_USER_SCRIPT_SANDBOXING = YES;
				GCC_C_LANGUAGE_STANDARD = gnu17;
				GCC_NO_COMMON_BLOCKS = YES;
				GCC_WARN_64_TO_32_BIT_CONVERSION = YES;
				GCC_WARN_ABOUT_RETURN_TYPE = YES_ERROR;
				GCC_WARN_UNDECLARED_SELECTOR = YES;
				GCC_WARN_UNINITIALIZED_AUTOS = YES_AGGRESSIVE;
				GCC_WARN_UNUSED_FUNCTION = YES;
				GCC_WARN_UNUSED_VARIABLE = YES;
				IPHONEOS_DEPLOYMENT_TARGET = 17.2;
				LOCALIZATION_PREFERS_STRING_CATALOGS = YES;
				MTL_ENABLE_DEBUG_INFO = NO;
				MTL_FAST_MATH = YES;
				SDKROOT = iphoneos;
				STRING_CATALOG_GENERATE_SYMBOLS = YES;
				SWIFT_COMPILATION_MODE = wholemodule;
				VALIDATE_PRODUCT = YES;
			};
			name = Release;
		};
		B329D6662B39497A000A17C9 /* Debug */ = {
			isa = XCBuildConfiguration;
			buildSettings = {
				ASSETCATALOG_COMPILER_APPICON_NAME = AppIcon;
				ASSETCATALOG_COMPILER_GLOBAL_ACCENT_COLOR_NAME = AccentColor;
				ASSETCATALOG_COMPILER_INCLUDE_ALL_APPICON_ASSETS = NO;
				"CODE_SIGN_ENTITLEMENTS[sdk=macosx*]" = "Voice Chat/Voice Chat.entitlements";
				"CODE_SIGN_IDENTITY[sdk=macosx*]" = "-";
				CODE_SIGN_STYLE = Automatic;
				CURRENT_PROJECT_VERSION = 1;
				DEVELOPMENT_ASSET_PATHS = "\"Voice Chat/Preview Content\"";
				ENABLE_APP_SANDBOX = YES;
				ENABLE_INCOMING_NETWORK_CONNECTIONS = YES;
				ENABLE_OUTGOING_NETWORK_CONNECTIONS = YES;
				ENABLE_PREVIEWS = YES;
				ENABLE_RESOURCE_ACCESS_AUDIO_INPUT = YES;
				ENABLE_RESOURCE_ACCESS_BLUETOOTH = NO;
				ENABLE_RESOURCE_ACCESS_CALENDARS = NO;
				ENABLE_RESOURCE_ACCESS_CAMERA = YES;
				ENABLE_RESOURCE_ACCESS_CONTACTS = NO;
				ENABLE_RESOURCE_ACCESS_LOCATION = NO;
				ENABLE_RESOURCE_ACCESS_PRINTING = NO;
				ENABLE_RESOURCE_ACCESS_USB = NO;
				GENERATE_INFOPLIST_FILE = YES;
				INFOPLIST_KEY_LSApplicationCategoryType = "public.app-category.utilities";
				INFOPLIST_KEY_NSCameraUsageDescription = "Take photos and add them to chat messages.";
				INFOPLIST_KEY_NSMicrophoneUsageDescription = "Record your voice to support voice mode.";
				INFOPLIST_KEY_NSSpeechRecognitionUsageDescription = "Convert your speech into text to support voice mode.";
				INFOPLIST_KEY_UIApplicationSceneManifest_Generation = YES;
				INFOPLIST_KEY_UIApplicationSupportsIndirectInputEvents = YES;
				INFOPLIST_KEY_UILaunchScreen_Generation = YES;
				INFOPLIST_KEY_UISupportedInterfaceOrientations_iPad = "UIInterfaceOrientationPortrait UIInterfaceOrientationPortraitUpsideDown UIInterfaceOrientationLandscapeLeft UIInterfaceOrientationLandscapeRight";
				INFOPLIST_KEY_UISupportedInterfaceOrientations_iPhone = "UIInterfaceOrientationPortrait UIInterfaceOrientationLandscapeLeft UIInterfaceOrientationLandscapeRight";
				IPHONEOS_DEPLOYMENT_TARGET = 18.6;
				LD_RUNPATH_SEARCH_PATHS = (
					"$(inherited)",
					"@executable_path/Frameworks",
				);
				MACOSX_DEPLOYMENT_TARGET = 15.6;
				MARKETING_VERSION = 1.0;
				PRODUCT_BUNDLE_IDENTIFIER = "com.Lion-Wu.Voice-Chat";
				PRODUCT_NAME = "$(TARGET_NAME)";
				REGISTER_APP_GROUPS = NO;
				SUPPORTED_PLATFORMS = "iphoneos iphonesimulator macosx xros xrsimulator";
				SUPPORTS_MACCATALYST = NO;
				SUPPORTS_MAC_DESIGNED_FOR_IPHONE_IPAD = NO;
				SUPPORTS_XR_DESIGNED_FOR_IPHONE_IPAD = NO;
				SWIFT_EMIT_LOC_STRINGS = YES;
				SWIFT_VERSION = 6.0;
				TARGETED_DEVICE_FAMILY = "1,2,7";
				XROS_DEPLOYMENT_TARGET = 2.6;
			};
			name = Debug;
		};
		B329D6672B39497A000A17C9 /* Release */ = {
			isa = XCBuildConfiguration;
			buildSettings = {
				ASSETCATALOG_COMPILER_APPICON_NAME = AppIcon;
				ASSETCATALOG_COMPILER_GLOBAL_ACCENT_COLOR_NAME = AccentColor;
				ASSETCATALOG_COMPILER_INCLUDE_ALL_APPICON_ASSETS = NO;
				"CODE_SIGN_ENTITLEMENTS[sdk=macosx*]" = "Voice Chat/Voice Chat.entitlements";
				"CODE_SIGN_IDENTITY[sdk=macosx*]" = "-";
				CODE_SIGN_STYLE = Automatic;
				CURRENT_PROJECT_VERSION = 1;
				DEVELOPMENT_ASSET_PATHS = "\"Voice Chat/Preview Content\"";
				ENABLE_APP_SANDBOX = YES;
				ENABLE_INCOMING_NETWORK_CONNECTIONS = YES;
				ENABLE_OUTGOING_NETWORK_CONNECTIONS = YES;
				ENABLE_PREVIEWS = YES;
				ENABLE_RESOURCE_ACCESS_AUDIO_INPUT = YES;
				ENABLE_RESOURCE_ACCESS_BLUETOOTH = NO;
				ENABLE_RESOURCE_ACCESS_CALENDARS = NO;
				ENABLE_RESOURCE_ACCESS_CAMERA = YES;
				ENABLE_RESOURCE_ACCESS_CONTACTS = NO;
				ENABLE_RESOURCE_ACCESS_LOCATION = NO;
				ENABLE_RESOURCE_ACCESS_PRINTING = NO;
				ENABLE_RESOURCE_ACCESS_USB = NO;
				GENERATE_INFOPLIST_FILE = YES;
				INFOPLIST_KEY_LSApplicationCategoryType = "public.app-category.utilities";
				INFOPLIST_KEY_NSCameraUsageDescription = "Take photos and add them to chat messages.";
				INFOPLIST_KEY_NSMicrophoneUsageDescription = "Record your voice to support voice mode.";
				INFOPLIST_KEY_NSSpeechRecognitionUsageDescription = "Convert your speech into text to support voice mode.";
				INFOPLIST_KEY_UIApplicationSceneManifest_Generation = YES;
				INFOPLIST_KEY_UIApplicationSupportsIndirectInputEvents = YES;
				INFOPLIST_KEY_UILaunchScreen_Generation = YES;
				INFOPLIST_KEY_UISupportedInterfaceOrientations_iPad = "UIInterfaceOrientationPortrait UIInterfaceOrientationPortraitUpsideDown UIInterfaceOrientationLandscapeLeft UIInterfaceOrientationLandscapeRight";
				INFOPLIST_KEY_UISupportedInterfaceOrientations_iPhone = "UIInterfaceOrientationPortrait UIInterfaceOrientationLandscapeLeft UIInterfaceOrientationLandscapeRight";
				IPHONEOS_DEPLOYMENT_TARGET = 18.6;
				LD_RUNPATH_SEARCH_PATHS = (
					"$(inherited)",
					"@executable_path/Frameworks",
				);
				MACOSX_DEPLOYMENT_TARGET = 15.6;
				MARKETING_VERSION = 1.0;
				PRODUCT_BUNDLE_IDENTIFIER = "com.Lion-Wu.Voice-Chat";
				PRODUCT_NAME = "$(TARGET_NAME)";
				REGISTER_APP_GROUPS = NO;
				SUPPORTED_PLATFORMS = "iphoneos iphonesimulator macosx xros xrsimulator";
				SUPPORTS_MACCATALYST = NO;
				SUPPORTS_MAC_DESIGNED_FOR_IPHONE_IPAD = NO;
				SUPPORTS_XR_DESIGNED_FOR_IPHONE_IPAD = NO;
				SWIFT_EMIT_LOC_STRINGS = YES;
				SWIFT_VERSION = 6.0;
				TARGETED_DEVICE_FAMILY = "1,2,7";
				XROS_DEPLOYMENT_TARGET = 2.6;
			};
			name = Release;
		};
/* End XCBuildConfiguration section */

/* Begin XCConfigurationList section */
		B329D6522B394979000A17C9 /* Build configuration list for PBXProject "Voice Chat" */ = {
			isa = XCConfigurationList;
			buildConfigurations = (
				B329D6632B39497A000A17C9 /* Debug */,
				B329D6642B39497A000A17C9 /* Release */,
			);
			defaultConfigurationIsVisible = 0;
			defaultConfigurationName = Release;
		};
		B329D6652B39497A000A17C9 /* Build configuration list for PBXNativeTarget "Voice Chat" */ = {
			isa = XCConfigurationList;
			buildConfigurations = (
				B329D6662B39497A000A17C9 /* Debug */,
				B329D6672B39497A000A17C9 /* Release */,
			);
			defaultConfigurationIsVisible = 0;
			defaultConfigurationName = Release;
		};
/* End XCConfigurationList section */

/* Begin XCLocalSwiftPackageReference section */
		B7F0020113A2000000AA0001 /* XCLocalSwiftPackageReference "Packages/VoiceChatRaTeX" */ = {
			isa = XCLocalSwiftPackageReference;
			relativePath = Packages/VoiceChatRaTeX;
		};
/* End XCLocalSwiftPackageReference section */

/* Begin XCRemoteSwiftPackageReference section */
		FD423ADE2F07B7C10016D0B4 /* XCRemoteSwiftPackageReference "swift-markdown" */ = {
			isa = XCRemoteSwiftPackageReference;
			repositoryURL = "https://github.com/swiftlang/swift-markdown";
			requirement = {
				kind = upToNextMajorVersion;
				minimumVersion = 0.7.3;
			};
		};
/* End XCRemoteSwiftPackageReference section */

/* Begin XCSwiftPackageProductDependency section */
		B7F0020213A2000000AA0001 /* VoiceChatRaTeX */ = {
			isa = XCSwiftPackageProductDependency;
			package = B7F0020113A2000000AA0001 /* XCLocalSwiftPackageReference "Packages/VoiceChatRaTeX" */;
			productName = VoiceChatRaTeX;
		};
		FD423ADF2F07B7C10016D0B4 /* Markdown */ = {
			isa = XCSwiftPackageProductDependency;
			package = FD423ADE2F07B7C10016D0B4 /* XCRemoteSwiftPackageReference "swift-markdown" */;
			productName = Markdown;
		};
/* End XCSwiftPackageProductDependency section */
	};
	rootObject = B329D64F2B394979000A17C9 /* Project object */;
}
