// !$*UTF8*$!
{
	archiveVersion = 1;
	classes = {
	};
	objectVersion = 56;
	objects = {

/* Begin PBXBuildFile section */
		B329D65B2B394979000A17C9 /* Voice_ChatApp.swift in Sources */ = {isa = PBXBuildFile; fileRef = B329D65A2B394979000A17C9 /* Voice_ChatApp.swift */; };
                B329D65F2B39497A000A17C9 /* Assets.xcassets in Resources */ = {isa = PBXBuildFile; fileRef = B329D65E2B39497A000A17C9 /* Assets.xcassets */; };
                B329D6622B39497A000A17C9 /* Preview Assets.xcassets in Resources */ = {isa = PBXBuildFile; fileRef = B329D6612B39497A000A17C9 /* Preview Assets.xcassets */; };
                B4A629592B59617A006125B5 /* ChatViewModel.swift in Sources */ = {isa = PBXBuildFile; fileRef = B4A629582B59617A006125B5 /* ChatViewModel.swift */; };
                B4E916D52B4BDBD900E49A6B /* ChatModel.swift in Sources */ = {isa = PBXBuildFile; fileRef = B4E916D42B4BDBD900E49A6B /* ChatModel.swift */; };
                B4E916DF2B4BF0E500E49A6B /* VoiceViewModel.swift in Sources */ = {isa = PBXBuildFile; fileRef = B4E916DE2B4BF0E500E49A6B /* VoiceViewModel.swift */; };
                FDF900A12F0A1B2300AAA001 /* Localization.swift in Sources */ = {isa = PBXBuildFile; fileRef = FDF900A02F0A1B2300AAA001 /* Localization.swift */; };
                FDF900A32F0A1B2300AAA001 /* Localizable.strings in Resources */ = {isa = PBXBuildFile; fileRef = FDF900B02F0A1B2300AAA001 /* Localizable.strings */; };
                FD0577A52CB626FD009FC45C /* SettingsViewModel.swift in Sources */ = {isa = PBXBuildFile; fileRef = FD0577A42CB626FD009FC45C /* SettingsViewModel.swift */; };
		FD0B94DF2CD9080700DBFA1D /* ChatSessionsViewModel.swift in Sources */ = {isa = PBXBuildFile; fileRef = FD0B94DE2CD9080700DBFA1D /* ChatSessionsViewModel.swift */; };
		FD0B94E12CD9082600DBFA1D /* ChatSession.swift in Sources */ = {isa = PBXBuildFile; fileRef = FD0B94E02CD9082600DBFA1D /* ChatSession.swift */; };
		FD0B94E32CD9095C00DBFA1D /* SidebarView.swift in Sources */ = {isa = PBXBuildFile; fileRef = FD0B94E22CD9095C00DBFA1D /* SidebarView.swift */; };
		FD0B94E72CD90A2500DBFA1D /* ChatMessage.swift in Sources */ = {isa = PBXBuildFile; fileRef = FD0B94E62CD90A2500DBFA1D /* ChatMessage.swift */; };
		FD0C3AB22C9F38F2009095A1 /* SettingsView.swift in Sources */ = {isa = PBXBuildFile; fileRef = FD0C3AB12C9F38F2009095A1 /* SettingsView.swift */; };
		FD0C3AC72C9F54A9009095A1 /* Models.swift in Sources */ = {isa = PBXBuildFile; fileRef = FD0C3AC62C9F54A9009095A1 /* Models.swift */; };
		FD2DD7D12D65A76900D124A6 /* SideMenuContainerViewController.swift in Sources */ = {isa = PBXBuildFile; fileRef = FD2DD7D02D65A76900D124A6 /* SideMenuContainerViewController.swift */; };
		FD2DD7D32D65A7A200D124A6 /* MainContentView.swift in Sources */ = {isa = PBXBuildFile; fileRef = FD2DD7D22D65A7A200D124A6 /* MainContentView.swift */; };
		FD40D5722CA871120064E732 /* AudioPlayerView.swift in Sources */ = {isa = PBXBuildFile; fileRef = FD40D5712CA871120064E732 /* AudioPlayerView.swift */; };
		FD40D5742CA875CC0064E732 /* ContentView.swift in Sources */ = {isa = PBXBuildFile; fileRef = FD40D5732CA875CC0064E732 /* ContentView.swift */; };
		FD40D5762CA876010064E732 /* GlobalAudioManager.swift in Sources */ = {isa = PBXBuildFile; fileRef = FD40D5752CA876010064E732 /* GlobalAudioManager.swift */; };
		FD6E97252CA92C840086C234 /* SettingsModel.swift in Sources */ = {isa = PBXBuildFile; fileRef = FD6E97242CA92C840086C234 /* SettingsModel.swift */; };
		FD7228652E7EBE22005BF261 /* SpeechInputManager.swift in Sources */ = {isa = PBXBuildFile; fileRef = FD7228642E7EBE22005BF261 /* SpeechInputManager.swift */; };
		FD7AF1B42CD896B900A5080B /* BlurView.swift in Sources */ = {isa = PBXBuildFile; fileRef = FD7AF1B32CD896B900A5080B /* BlurView.swift */; };
		FDA8D9262E7F0E320012B42F /* BubbleBackground.swift in Sources */ = {isa = PBXBuildFile; fileRef = FDA8D9202E7F0E320012B42F /* BubbleBackground.swift */; };
		FDA8D9272E7F0E320012B42F /* ChatTheme.swift in Sources */ = {isa = PBXBuildFile; fileRef = FDA8D9212E7F0E320012B42F /* ChatTheme.swift */; };
		FDA8D9282E7F0E320012B42F /* ChatView.swift in Sources */ = {isa = PBXBuildFile; fileRef = FDA8D9222E7F0E320012B42F /* ChatView.swift */; };
		FDA8D9292E7F0E320012B42F /* RichMarkdownView.swift in Sources */ = {isa = PBXBuildFile; fileRef = FDA8D9232E7F0E320012B42F /* RichMarkdownView.swift */; };
		FDA8D92A2E7F0E320012B42F /* ThinkParts.swift in Sources */ = {isa = PBXBuildFile; fileRef = FDA8D9242E7F0E320012B42F /* ThinkParts.swift */; };
		FDA8D92C2E7F0ED00012B42F /* TailLinesText.swift in Sources */ = {isa = PBXBuildFile; fileRef = FDA8D92B2E7F0ED00012B42F /* TailLinesText.swift */; };
		FDA8D9302E7F0EF50012B42F /* LayoutHelpers.swift in Sources */ = {isa = PBXBuildFile; fileRef = FDA8D92F2E7F0EF50012B42F /* LayoutHelpers.swift */; };
		FDA8D9322E7F0F150012B42F /* AutoSizingTextEditor.swift in Sources */ = {isa = PBXBuildFile; fileRef = FDA8D9312E7F0F150012B42F /* AutoSizingTextEditor.swift */; };
		FDA8D9342E7F0F260012B42F /* LoadingViews.swift in Sources */ = {isa = PBXBuildFile; fileRef = FDA8D9332E7F0F260012B42F /* LoadingViews.swift */; };
		FDA8D9362E7F0F360012B42F /* VoiceMessageView.swift in Sources */ = {isa = PBXBuildFile; fileRef = FDA8D9352E7F0F360012B42F /* VoiceMessageView.swift */; };
		FDA8D9382E7F0F520012B42F /* FullScreenComposer.swift in Sources */ = {isa = PBXBuildFile; fileRef = FDA8D9372E7F0F520012B42F /* FullScreenComposer.swift */; };
		FDA8D93A2E7F11F00012B42F /* AudioRequests.swift in Sources */ = {isa = PBXBuildFile; fileRef = FDA8D9392E7F11F00012B42F /* AudioRequests.swift */; };
		FDA8D93C2E7F12040012B42F /* AudioPlayback.swift in Sources */ = {isa = PBXBuildFile; fileRef = FDA8D93B2E7F12040012B42F /* AudioPlayback.swift */; };
		FDA8D93E2E7F12190012B42F /* AVAudioDelegate.swift in Sources */ = {isa = PBXBuildFile; fileRef = FDA8D93D2E7F12190012B42F /* AVAudioDelegate.swift */; };
		FDA8D9402E7F12310012B42F /* AudioTimers.swift in Sources */ = {isa = PBXBuildFile; fileRef = FDA8D93F2E7F12310012B42F /* AudioTimers.swift */; };
		FDA8D9442E7F12AA0012B42F /* TextSegmentation.swift in Sources */ = {isa = PBXBuildFile; fileRef = FDA8D9432E7F12AA0012B42F /* TextSegmentation.swift */; };
		FDA8D9472E7F13050012B42F /* SafeArray.swift in Sources */ = {isa = PBXBuildFile; fileRef = FDA8D9462E7F13050012B42F /* SafeArray.swift */; };
		FDA8D9492E7F13340012B42F /* RegexSplitString.swift in Sources */ = {isa = PBXBuildFile; fileRef = FDA8D9482E7F13340012B42F /* RegexSplitString.swift */; };
		FDC41A9B2E5CA24700735BF1 /* MarkdownUI in Frameworks */ = {isa = PBXBuildFile; productRef = FDC41A9A2E5CA24700735BF1 /* MarkdownUI */; };
		FDF714C12E7FC54100B62D71 /* IncrementalTextSegmenter.swift in Sources */ = {isa = PBXBuildFile; fileRef = FDF714C02E7FC54100B62D71 /* IncrementalTextSegmenter.swift */; };
		FDF714C32E7FC55300B62D71 /* VoiceChatOverlayViewModel.swift in Sources */ = {isa = PBXBuildFile; fileRef = FDF714C22E7FC55300B62D71 /* VoiceChatOverlayViewModel.swift */; };
		FDF714C52E7FC59000B62D71 /* RealtimeVoiceOverlayView.swift in Sources */ = {isa = PBXBuildFile; fileRef = FDF714C42E7FC59000B62D71 /* RealtimeVoiceOverlayView.swift */; };
/* End PBXBuildFile section */

/* Begin PBXFileReference section */
		B329D6572B394979000A17C9 /* Voice Chat.app */ = {isa = PBXFileReference; explicitFileType = wrapper.application; includeInIndex = 0; path = "Voice Chat.app"; sourceTree = BUILT_PRODUCTS_DIR; };
		B329D65A2B394979000A17C9 /* Voice_ChatApp.swift */ = {isa = PBXFileReference; lastKnownFileType = sourcecode.swift; path = Voice_ChatApp.swift; sourceTree = "<group>"; };
		B329D65E2B39497A000A17C9 /* Assets.xcassets */ = {isa = PBXFileReference; lastKnownFileType = folder.assetcatalog; path = Assets.xcassets; sourceTree = "<group>"; };
		B329D6612B39497A000A17C9 /* Preview Assets.xcassets */ = {isa = PBXFileReference; lastKnownFileType = folder.assetcatalog; path = "Preview Assets.xcassets"; sourceTree = "<group>"; };
		B4A629582B59617A006125B5 /* ChatViewModel.swift */ = {isa = PBXFileReference; lastKnownFileType = sourcecode.swift; path = ChatViewModel.swift; sourceTree = "<group>"; };
		B4E916D42B4BDBD900E49A6B /* ChatModel.swift */ = {isa = PBXFileReference; lastKnownFileType = sourcecode.swift; path = ChatModel.swift; sourceTree = "<group>"; };
		B4E916DE2B4BF0E500E49A6B /* VoiceViewModel.swift */ = {isa = PBXFileReference; lastKnownFileType = sourcecode.swift; path = VoiceViewModel.swift; sourceTree = "<group>"; };
		FD0577A42CB626FD009FC45C /* SettingsViewModel.swift */ = {isa = PBXFileReference; lastKnownFileType = sourcecode.swift; name = SettingsViewModel.swift; path = "Voice Chat/ViewModel/SettingsViewModel.swift"; sourceTree = SOURCE_ROOT; };
		FD0B94DD2CD8E63500DBFA1D /* Voice Chat.entitlements */ = {isa = PBXFileReference; lastKnownFileType = text.plist.entitlements; path = "Voice Chat.entitlements"; sourceTree = "<group>"; };
		FD0B94DE2CD9080700DBFA1D /* ChatSessionsViewModel.swift */ = {isa = PBXFileReference; lastKnownFileType = sourcecode.swift; path = ChatSessionsViewModel.swift; sourceTree = "<group>"; };
		FD0B94E02CD9082600DBFA1D /* ChatSession.swift */ = {isa = PBXFileReference; lastKnownFileType = sourcecode.swift; name = ChatSession.swift; path = "Voice Chat/Model/ChatSession.swift"; sourceTree = SOURCE_ROOT; };
		FD0B94E22CD9095C00DBFA1D /* SidebarView.swift */ = {isa = PBXFileReference; lastKnownFileType = sourcecode.swift; path = SidebarView.swift; sourceTree = "<group>"; };
		FD0B94E62CD90A2500DBFA1D /* ChatMessage.swift */ = {isa = PBXFileReference; lastKnownFileType = sourcecode.swift; path = ChatMessage.swift; sourceTree = "<group>"; };
		FD0C3AB12C9F38F2009095A1 /* SettingsView.swift */ = {isa = PBXFileReference; lastKnownFileType = sourcecode.swift; path = SettingsView.swift; sourceTree = "<group>"; };
		FD0C3AC62C9F54A9009095A1 /* Models.swift */ = {isa = PBXFileReference; lastKnownFileType = sourcecode.swift; path = Models.swift; sourceTree = "<group>"; };
		FD2DD7D02D65A76900D124A6 /* SideMenuContainerViewController.swift */ = {isa = PBXFileReference; lastKnownFileType = sourcecode.swift; path = SideMenuContainerViewController.swift; sourceTree = "<group>"; };
		FD2DD7D22D65A7A200D124A6 /* MainContentView.swift */ = {isa = PBXFileReference; lastKnownFileType = sourcecode.swift; path = MainContentView.swift; sourceTree = "<group>"; };
		FD40D5712CA871120064E732 /* AudioPlayerView.swift */ = {isa = PBXFileReference; lastKnownFileType = sourcecode.swift; path = AudioPlayerView.swift; sourceTree = "<group>"; };
		FD40D5732CA875CC0064E732 /* ContentView.swift */ = {isa = PBXFileReference; lastKnownFileType = sourcecode.swift; path = ContentView.swift; sourceTree = "<group>"; };
		FD40D5752CA876010064E732 /* GlobalAudioManager.swift */ = {isa = PBXFileReference; lastKnownFileType = sourcecode.swift; path = GlobalAudioManager.swift; sourceTree = "<group>"; };
		FD6E97242CA92C840086C234 /* SettingsModel.swift */ = {isa = PBXFileReference; lastKnownFileType = sourcecode.swift; path = SettingsModel.swift; sourceTree = "<group>"; };
		FD7228642E7EBE22005BF261 /* SpeechInputManager.swift */ = {isa = PBXFileReference; lastKnownFileType = sourcecode.swift; path = SpeechInputManager.swift; sourceTree = "<group>"; };
		FD7AF1B32CD896B900A5080B /* BlurView.swift */ = {isa = PBXFileReference; lastKnownFileType = sourcecode.swift; path = BlurView.swift; sourceTree = "<group>"; };
		FDA8D9202E7F0E320012B42F /* BubbleBackground.swift */ = {isa = PBXFileReference; lastKnownFileType = sourcecode.swift; path = BubbleBackground.swift; sourceTree = "<group>"; };
		FDA8D9212E7F0E320012B42F /* ChatTheme.swift */ = {isa = PBXFileReference; lastKnownFileType = sourcecode.swift; path = ChatTheme.swift; sourceTree = "<group>"; };
		FDA8D9222E7F0E320012B42F /* ChatView.swift */ = {isa = PBXFileReference; lastKnownFileType = sourcecode.swift; path = ChatView.swift; sourceTree = "<group>"; };
		FDA8D9232E7F0E320012B42F /* RichMarkdownView.swift */ = {isa = PBXFileReference; lastKnownFileType = sourcecode.swift; path = RichMarkdownView.swift; sourceTree = "<group>"; };
		FDA8D9242E7F0E320012B42F /* ThinkParts.swift */ = {isa = PBXFileReference; lastKnownFileType = sourcecode.swift; path = ThinkParts.swift; sourceTree = "<group>"; };
		FDA8D92B2E7F0ED00012B42F /* TailLinesText.swift */ = {isa = PBXFileReference; lastKnownFileType = sourcecode.swift; path = TailLinesText.swift; sourceTree = "<group>"; };
		FDA8D92F2E7F0EF50012B42F /* LayoutHelpers.swift */ = {isa = PBXFileReference; lastKnownFileType = sourcecode.swift; path = LayoutHelpers.swift; sourceTree = "<group>"; };
		FDA8D9312E7F0F150012B42F /* AutoSizingTextEditor.swift */ = {isa = PBXFileReference; lastKnownFileType = sourcecode.swift; path = AutoSizingTextEditor.swift; sourceTree = "<group>"; };
		FDA8D9332E7F0F260012B42F /* LoadingViews.swift */ = {isa = PBXFileReference; lastKnownFileType = sourcecode.swift; path = LoadingViews.swift; sourceTree = "<group>"; };
		FDA8D9352E7F0F360012B42F /* VoiceMessageView.swift */ = {isa = PBXFileReference; lastKnownFileType = sourcecode.swift; path = VoiceMessageView.swift; sourceTree = "<group>"; };
		FDA8D9372E7F0F520012B42F /* FullScreenComposer.swift */ = {isa = PBXFileReference; lastKnownFileType = sourcecode.swift; path = FullScreenComposer.swift; sourceTree = "<group>"; };
		FDA8D9392E7F11F00012B42F /* AudioRequests.swift */ = {isa = PBXFileReference; lastKnownFileType = sourcecode.swift; path = AudioRequests.swift; sourceTree = "<group>"; };
		FDA8D93B2E7F12040012B42F /* AudioPlayback.swift */ = {isa = PBXFileReference; lastKnownFileType = sourcecode.swift; path = AudioPlayback.swift; sourceTree = "<group>"; };
		FDA8D93D2E7F12190012B42F /* AVAudioDelegate.swift */ = {isa = PBXFileReference; lastKnownFileType = sourcecode.swift; path = AVAudioDelegate.swift; sourceTree = "<group>"; };
		FDA8D93F2E7F12310012B42F /* AudioTimers.swift */ = {isa = PBXFileReference; lastKnownFileType = sourcecode.swift; path = AudioTimers.swift; sourceTree = "<group>"; };
		FDA8D9432E7F12AA0012B42F /* TextSegmentation.swift */ = {isa = PBXFileReference; lastKnownFileType = sourcecode.swift; path = TextSegmentation.swift; sourceTree = "<group>"; };
		FDA8D9462E7F13050012B42F /* SafeArray.swift */ = {isa = PBXFileReference; lastKnownFileType = sourcecode.swift; path = SafeArray.swift; sourceTree = "<group>"; };
                FDA8D9482E7F13340012B42F /* RegexSplitString.swift */ = {isa = PBXFileReference; lastKnownFileType = sourcecode.swift; path = RegexSplitString.swift; sourceTree = "<group>"; };
                FDF714C02E7FC54100B62D71 /* IncrementalTextSegmenter.swift */ = {isa = PBXFileReference; lastKnownFileType = sourcecode.swift; path = IncrementalTextSegmenter.swift; sourceTree = "<group>"; };
                FDF714C22E7FC55300B62D71 /* VoiceChatOverlayViewModel.swift */ = {isa = PBXFileReference; lastKnownFileType = sourcecode.swift; path = VoiceChatOverlayViewModel.swift; sourceTree = "<group>"; };
                FDF714C42E7FC59000B62D71 /* RealtimeVoiceOverlayView.swift */ = {isa = PBXFileReference; lastKnownFileType = sourcecode.swift; path = RealtimeVoiceOverlayView.swift; sourceTree = "<group>"; };
                FDF900A02F0A1B2300AAA001 /* Localization.swift */ = {isa = PBXFileReference; lastKnownFileType = sourcecode.swift; path = Localization.swift; sourceTree = "<group>"; };
                FDF900B12F0A1B2300AAA001 /* Base */ = {isa = PBXFileReference; lastKnownFileType = text.plist.strings; name = Base; path = Base.lproj/Localizable.strings; sourceTree = "<group>"; };
                FDF900B22F0A1B2300AAA001 /* zh-Hans */ = {isa = PBXFileReference; lastKnownFileType = text.plist.strings; name = "zh-Hans"; path = "zh-Hans.lproj/Localizable.strings"; sourceTree = "<group>"; };
                FDF900B32F0A1B2300AAA001 /* zh-Hant */ = {isa = PBXFileReference; lastKnownFileType = text.plist.strings; name = "zh-Hant"; path = "zh-Hant.lproj/Localizable.strings"; sourceTree = "<group>"; };
                FDF900B42F0A1B2300AAA001 /* ja */ = {isa = PBXFileReference; lastKnownFileType = text.plist.strings; name = ja; path = ja.lproj/Localizable.strings; sourceTree = "<group>"; };
/* End PBXFileReference section */

/* Begin PBXFrameworksBuildPhase section */
		B329D6542B394979000A17C9 /* Frameworks */ = {
			isa = PBXFrameworksBuildPhase;
			buildActionMask = 2147483647;
			files = (
				FDC41A9B2E5CA24700735BF1 /* MarkdownUI in Frameworks */,
			);
			runOnlyForDeploymentPostprocessing = 0;
		};
/* End PBXFrameworksBuildPhase section */

/* Begin PBXGroup section */
		B329D64E2B394979000A17C9 = {
			isa = PBXGroup;
			children = (
				B329D6592B394979000A17C9 /* Voice Chat */,
				B329D6582B394979000A17C9 /* Products */,
			);
			sourceTree = "<group>";
		};
		B329D6582B394979000A17C9 /* Products */ = {
			isa = PBXGroup;
			children = (
				B329D6572B394979000A17C9 /* Voice Chat.app */,
			);
			name = Products;
			sourceTree = "<group>";
		};
                B329D6592B394979000A17C9 /* Voice Chat */ = {
                        isa = PBXGroup;
                        children = (
                                B329D65A2B394979000A17C9 /* Voice_ChatApp.swift */,
                                FD40D5732CA875CC0064E732 /* ContentView.swift */,
                                FD0B94DD2CD8E63500DBFA1D /* Voice Chat.entitlements */,
                                B4E916D62B4BE0BD00E49A6B /* Views */,
                                B4E916DD2B4BF04400E49A6B /* ViewModel */,
                                B4E916D72B4BE1C300E49A6B /* Model */,
                                FDF900A22F0A1B2300AAA001 /* Support */,
                                FDF900A42F0A1B2300AAA001 /* Resources */,
                                B329D65E2B39497A000A17C9 /* Assets.xcassets */,
                                B329D6602B39497A000A17C9 /* Preview Content */,
                        );
                        path = "Voice Chat";
                        sourceTree = "<group>";
                };
                FDF900A22F0A1B2300AAA001 /* Support */ = {
                        isa = PBXGroup;
                        children = (
                                FDF900A02F0A1B2300AAA001 /* Localization.swift */,
                        );
                        path = Support;
                        sourceTree = "<group>";
                };
                FDF900A42F0A1B2300AAA001 /* Resources */ = {
                        isa = PBXGroup;
                        children = (
                                FDF900B02F0A1B2300AAA001 /* Localizable.strings */,
                        );
                        path = Resources;
                        sourceTree = "<group>";
                };
		B329D6602B39497A000A17C9 /* Preview Content */ = {
			isa = PBXGroup;
			children = (
				B329D6612B39497A000A17C9 /* Preview Assets.xcassets */,
			);
			path = "Preview Content";
			sourceTree = "<group>";
		};
		B4E916D62B4BE0BD00E49A6B /* Views */ = {
			isa = PBXGroup;
			children = (
				FD0C3AB12C9F38F2009095A1 /* SettingsView.swift */,
				FD40D5712CA871120064E732 /* AudioPlayerView.swift */,
				FD2DD7D02D65A76900D124A6 /* SideMenuContainerViewController.swift */,
				FD2DD7D22D65A7A200D124A6 /* MainContentView.swift */,
				FD7AF1B32CD896B900A5080B /* BlurView.swift */,
				FD0B94E22CD9095C00DBFA1D /* SidebarView.swift */,
				FDF714C42E7FC59000B62D71 /* RealtimeVoiceOverlayView.swift */,
				FDA8D9222E7F0E320012B42F /* ChatView.swift */,
				FDA8D9252E7F0E320012B42F /* ChatViewComponents */,
			);
			path = Views;
			sourceTree = "<group>";
		};
		B4E916D72B4BE1C300E49A6B /* Model */ = {
			isa = PBXGroup;
			children = (
				FD0B94E02CD9082600DBFA1D /* ChatSession.swift */,
				FD0B94E62CD90A2500DBFA1D /* ChatMessage.swift */,
				B4E916D42B4BDBD900E49A6B /* ChatModel.swift */,
				FD6E97242CA92C840086C234 /* SettingsModel.swift */,
				FD40D5752CA876010064E732 /* GlobalAudioManager.swift */,
				FDA8D9452E7F12E10012B42F /* GlobalAudioManagerComponents */,
				FD7228642E7EBE22005BF261 /* SpeechInputManager.swift */,
				FD0C3AC62C9F54A9009095A1 /* Models.swift */,
			);
			path = Model;
			sourceTree = "<group>";
		};
		B4E916DD2B4BF04400E49A6B /* ViewModel */ = {
			isa = PBXGroup;
			children = (
				FD0577A42CB626FD009FC45C /* SettingsViewModel.swift */,
				B4A629582B59617A006125B5 /* ChatViewModel.swift */,
				B4E916DE2B4BF0E500E49A6B /* VoiceViewModel.swift */,
				FD0B94DE2CD9080700DBFA1D /* ChatSessionsViewModel.swift */,
				FDF714C22E7FC55300B62D71 /* VoiceChatOverlayViewModel.swift */,
			);
			path = ViewModel;
			sourceTree = "<group>";
		};
		FDA8D9252E7F0E320012B42F /* ChatViewComponents */ = {
			isa = PBXGroup;
			children = (
				FDA8D9202E7F0E320012B42F /* BubbleBackground.swift */,
				FDA8D9212E7F0E320012B42F /* ChatTheme.swift */,
				FDA8D9232E7F0E320012B42F /* RichMarkdownView.swift */,
				FDA8D9242E7F0E320012B42F /* ThinkParts.swift */,
				FDA8D92B2E7F0ED00012B42F /* TailLinesText.swift */,
				FDA8D92F2E7F0EF50012B42F /* LayoutHelpers.swift */,
				FDA8D9312E7F0F150012B42F /* AutoSizingTextEditor.swift */,
				FDA8D9332E7F0F260012B42F /* LoadingViews.swift */,
				FDA8D9352E7F0F360012B42F /* VoiceMessageView.swift */,
				FDA8D9372E7F0F520012B42F /* FullScreenComposer.swift */,
			);
			path = ChatViewComponents;
			sourceTree = "<group>";
		};
                FDA8D9452E7F12E10012B42F /* GlobalAudioManagerComponents */ = {
                        isa = PBXGroup;
                        children = (
				FDA8D9392E7F11F00012B42F /* AudioRequests.swift */,
				FDA8D93B2E7F12040012B42F /* AudioPlayback.swift */,
				FDA8D93D2E7F12190012B42F /* AVAudioDelegate.swift */,
				FDA8D93F2E7F12310012B42F /* AudioTimers.swift */,
				FDA8D9432E7F12AA0012B42F /* TextSegmentation.swift */,
				FDF714C02E7FC54100B62D71 /* IncrementalTextSegmenter.swift */,
				FDA8D9462E7F13050012B42F /* SafeArray.swift */,
				FDA8D9482E7F13340012B42F /* RegexSplitString.swift */,
			);
			path = GlobalAudioManagerComponents;
			sourceTree = "<group>";
		};
/* End PBXGroup section */

/* Begin PBXNativeTarget section */
		B329D6562B394979000A17C9 /* Voice Chat */ = {
			isa = PBXNativeTarget;
			buildConfigurationList = B329D6652B39497A000A17C9 /* Build configuration list for PBXNativeTarget "Voice Chat" */;
			buildPhases = (
				B329D6532B394979000A17C9 /* Sources */,
				B329D6542B394979000A17C9 /* Frameworks */,
				B329D6552B394979000A17C9 /* Resources */,
			);
			buildRules = (
			);
			dependencies = (
			);
			name = "Voice Chat";
			productName = "Voice Chat";
			productReference = B329D6572B394979000A17C9 /* Voice Chat.app */;
			productType = "com.apple.product-type.application";
		};
/* End PBXNativeTarget section */

/* Begin PBXProject section */
		B329D64F2B394979000A17C9 /* Project object */ = {
			isa = PBXProject;
			attributes = {
				BuildIndependentTargetsInParallel = 1;
				LastSwiftUpdateCheck = 1510;
				LastUpgradeCheck = 2600;
				TargetAttributes = {
					B329D6562B394979000A17C9 = {
						CreatedOnToolsVersion = 15.1;
					};
				};
			};
			buildConfigurationList = B329D6522B394979000A17C9 /* Build configuration list for PBXProject "Voice Chat" */;
			compatibilityVersion = "Xcode 14.0";
			developmentRegion = en;
			hasScannedForEncodings = 0;
			knownRegions = (
				en,
				"zh-Hans",
				"zh-Hant",
				ja,
				Base,
			);
			mainGroup = B329D64E2B394979000A17C9;
			packageReferences = (
				FDC41A992E5CA24700735BF1 /* XCRemoteSwiftPackageReference "swift-markdown-ui" */,
			);
			productRefGroup = B329D6582B394979000A17C9 /* Products */;
			projectDirPath = "";
			projectRoot = "";
			targets = (
				B329D6562B394979000A17C9 /* Voice Chat */,
			);
		};
/* End PBXProject section */

/* Begin PBXResourcesBuildPhase section */
                B329D6552B394979000A17C9 /* Resources */ = {
                        isa = PBXResourcesBuildPhase;
                        buildActionMask = 2147483647;
                        files = (
                                B329D6622B39497A000A17C9 /* Preview Assets.xcassets in Resources */,
                                B329D65F2B39497A000A17C9 /* Assets.xcassets in Resources */,
                                FDF900A32F0A1B2300AAA001 /* Localizable.strings in Resources */,
                        );
                        runOnlyForDeploymentPostprocessing = 0;
                };
/* End PBXResourcesBuildPhase section */

/* Begin PBXSourcesBuildPhase section */
		B329D6532B394979000A17C9 /* Sources */ = {
			isa = PBXSourcesBuildPhase;
			buildActionMask = 2147483647;
                        files = (
                                FD2DD7D12D65A76900D124A6 /* SideMenuContainerViewController.swift in Sources */,
                                FD0B94E72CD90A2500DBFA1D /* ChatMessage.swift in Sources */,
				FDA8D9342E7F0F260012B42F /* LoadingViews.swift in Sources */,
				FDA8D9322E7F0F150012B42F /* AutoSizingTextEditor.swift in Sources */,
				FD7228652E7EBE22005BF261 /* SpeechInputManager.swift in Sources */,
				FD40D5722CA871120064E732 /* AudioPlayerView.swift in Sources */,
				FDA8D9402E7F12310012B42F /* AudioTimers.swift in Sources */,
				FD0B94E32CD9095C00DBFA1D /* SidebarView.swift in Sources */,
				FDA8D93C2E7F12040012B42F /* AudioPlayback.swift in Sources */,
				FD7AF1B42CD896B900A5080B /* BlurView.swift in Sources */,
				FD40D5762CA876010064E732 /* GlobalAudioManager.swift in Sources */,
				FDA8D9492E7F13340012B42F /* RegexSplitString.swift in Sources */,
				FDA8D9302E7F0EF50012B42F /* LayoutHelpers.swift in Sources */,
				B4E916D52B4BDBD900E49A6B /* ChatModel.swift in Sources */,
				FD0C3AB22C9F38F2009095A1 /* SettingsView.swift in Sources */,
				FD6E97252CA92C840086C234 /* SettingsModel.swift in Sources */,
				FDA8D93E2E7F12190012B42F /* AVAudioDelegate.swift in Sources */,
				FDA8D92C2E7F0ED00012B42F /* TailLinesText.swift in Sources */,
				FDF714C12E7FC54100B62D71 /* IncrementalTextSegmenter.swift in Sources */,
				FD0B94E12CD9082600DBFA1D /* ChatSession.swift in Sources */,
				B4A629592B59617A006125B5 /* ChatViewModel.swift in Sources */,
				FDA8D9362E7F0F360012B42F /* VoiceMessageView.swift in Sources */,
				FD0B94DF2CD9080700DBFA1D /* ChatSessionsViewModel.swift in Sources */,
				B329D65B2B394979000A17C9 /* Voice_ChatApp.swift in Sources */,
				FDF714C52E7FC59000B62D71 /* RealtimeVoiceOverlayView.swift in Sources */,
				FDA8D9262E7F0E320012B42F /* BubbleBackground.swift in Sources */,
				FDA8D9272E7F0E320012B42F /* ChatTheme.swift in Sources */,
				FDA8D9282E7F0E320012B42F /* ChatView.swift in Sources */,
				FDA8D9472E7F13050012B42F /* SafeArray.swift in Sources */,
				FDA8D9382E7F0F520012B42F /* FullScreenComposer.swift in Sources */,
				FDF714C32E7FC55300B62D71 /* VoiceChatOverlayViewModel.swift in Sources */,
				FDA8D9292E7F0E320012B42F /* RichMarkdownView.swift in Sources */,
				FDA8D92A2E7F0E320012B42F /* ThinkParts.swift in Sources */,
				B4E916DF2B4BF0E500E49A6B /* VoiceViewModel.swift in Sources */,
                                FD40D5742CA875CC0064E732 /* ContentView.swift in Sources */,
                                FDF900A12F0A1B2300AAA001 /* Localization.swift in Sources */,
                                FDA8D93A2E7F11F00012B42F /* AudioRequests.swift in Sources */,
                                FDA8D9442E7F12AA0012B42F /* TextSegmentation.swift in Sources */,
                                FD2DD7D32D65A7A200D124A6 /* MainContentView.swift in Sources */,
                                FD0C3AC72C9F54A9009095A1 /* Models.swift in Sources */,
                                FD0577A52CB626FD009FC45C /* SettingsViewModel.swift in Sources */,
			);
			runOnlyForDeploymentPostprocessing = 0;
		};
/* End PBXSourcesBuildPhase section */

/* Begin PBXVariantGroup section */
                FDF900B02F0A1B2300AAA001 /* Localizable.strings */ = {
                        isa = PBXVariantGroup;
                        children = (
                                FDF900B12F0A1B2300AAA001 /* Base */,
                                FDF900B22F0A1B2300AAA001 /* zh-Hans */,
                                FDF900B32F0A1B2300AAA001 /* zh-Hant */,
                                FDF900B42F0A1B2300AAA001 /* ja */,
                        );
                        name = Localizable.strings;
                        sourceTree = "<group>";
                };
/* End PBXVariantGroup section */

/* Begin XCBuildConfiguration section */
		B329D6632B39497A000A17C9 /* Debug */ = {
			isa = XCBuildConfiguration;
			buildSettings = {
				ALWAYS_SEARCH_USER_PATHS = NO;
				ASSETCATALOG_COMPILER_GENERATE_SWIFT_ASSET_SYMBOL_EXTENSIONS = YES;
				CLANG_ANALYZER_LOCALIZABILITY_NONLOCALIZED = YES;
				CLANG_ANALYZER_NONNULL = YES;
				CLANG_ANALYZER_NUMBER_OBJECT_CONVERSION = YES_AGGRESSIVE;
				CLANG_CXX_LANGUAGE_STANDARD = "gnu++20";
				CLANG_ENABLE_MODULES = YES;
				CLANG_ENABLE_OBJC_ARC = YES;
				CLANG_ENABLE_OBJC_WEAK = YES;
				CLANG_WARN_BLOCK_CAPTURE_AUTORELEASING = YES;
				CLANG_WARN_BOOL_CONVERSION = YES;
				CLANG_WARN_COMMA = YES;
				CLANG_WARN_CONSTANT_CONVERSION = YES;
				CLANG_WARN_DEPRECATED_OBJC_IMPLEMENTATIONS = YES;
				CLANG_WARN_DIRECT_OBJC_ISA_USAGE = YES_ERROR;
				CLANG_WARN_DOCUMENTATION_COMMENTS = YES;
				CLANG_WARN_EMPTY_BODY = YES;
				CLANG_WARN_ENUM_CONVERSION = YES;
				CLANG_WARN_INFINITE_RECURSION = YES;
				CLANG_WARN_INT_CONVERSION = YES;
				CLANG_WARN_NON_LITERAL_NULL_CONVERSION = YES;
				CLANG_WARN_OBJC_IMPLICIT_RETAIN_SELF = YES;
				CLANG_WARN_OBJC_LITERAL_CONVERSION = YES;
				CLANG_WARN_OBJC_ROOT_CLASS = YES_ERROR;
				CLANG_WARN_QUOTED_INCLUDE_IN_FRAMEWORK_HEADER = YES;
				CLANG_WARN_RANGE_LOOP_ANALYSIS = YES;
				CLANG_WARN_STRICT_PROTOTYPES = YES;
				CLANG_WARN_SUSPICIOUS_MOVE = YES;
				CLANG_WARN_UNGUARDED_AVAILABILITY = YES_AGGRESSIVE;
				CLANG_WARN_UNREACHABLE_CODE = YES;
				CLANG_WARN__DUPLICATE_METHOD_MATCH = YES;
				COPY_PHASE_STRIP = NO;
				DEBUG_INFORMATION_FORMAT = dwarf;
				DEVELOPMENT_TEAM = XTXQFBJ88M;
				ENABLE_STRICT_OBJC_MSGSEND = YES;
				ENABLE_TESTABILITY = YES;
				ENABLE_USER_SCRIPT_SANDBOXING = YES;
				GCC_C_LANGUAGE_STANDARD = gnu17;
				GCC_DYNAMIC_NO_PIC = NO;
				GCC_NO_COMMON_BLOCKS = YES;
				GCC_OPTIMIZATION_LEVEL = 0;
				GCC_PREPROCESSOR_DEFINITIONS = (
					"DEBUG=1",
					"$(inherited)",
				);
				GCC_WARN_64_TO_32_BIT_CONVERSION = YES;
				GCC_WARN_ABOUT_RETURN_TYPE = YES_ERROR;
				GCC_WARN_UNDECLARED_SELECTOR = YES;
				GCC_WARN_UNINITIALIZED_AUTOS = YES_AGGRESSIVE;
				GCC_WARN_UNUSED_FUNCTION = YES;
				GCC_WARN_UNUSED_VARIABLE = YES;
				IPHONEOS_DEPLOYMENT_TARGET = 17.2;
				LOCALIZATION_PREFERS_STRING_CATALOGS = YES;
				MTL_ENABLE_DEBUG_INFO = INCLUDE_SOURCE;
				MTL_FAST_MATH = YES;
				ONLY_ACTIVE_ARCH = YES;
				SDKROOT = iphoneos;
				STRING_CATALOG_GENERATE_SYMBOLS = YES;
				SWIFT_ACTIVE_COMPILATION_CONDITIONS = "DEBUG $(inherited)";
				SWIFT_OPTIMIZATION_LEVEL = "-Onone";
			};
			name = Debug;
		};
		B329D6642B39497A000A17C9 /* Release */ = {
			isa = XCBuildConfiguration;
			buildSettings = {
				ALWAYS_SEARCH_USER_PATHS = NO;
				ASSETCATALOG_COMPILER_GENERATE_SWIFT_ASSET_SYMBOL_EXTENSIONS = YES;
				CLANG_ANALYZER_LOCALIZABILITY_NONLOCALIZED = YES;
				CLANG_ANALYZER_NONNULL = YES;
				CLANG_ANALYZER_NUMBER_OBJECT_CONVERSION = YES_AGGRESSIVE;
				CLANG_CXX_LANGUAGE_STANDARD = "gnu++20";
				CLANG_ENABLE_MODULES = YES;
				CLANG_ENABLE_OBJC_ARC = YES;
				CLANG_ENABLE_OBJC_WEAK = YES;
				CLANG_WARN_BLOCK_CAPTURE_AUTORELEASING = YES;
				CLANG_WARN_BOOL_CONVERSION = YES;
				CLANG_WARN_COMMA = YES;
				CLANG_WARN_CONSTANT_CONVERSION = YES;
				CLANG_WARN_DEPRECATED_OBJC_IMPLEMENTATIONS = YES;
				CLANG_WARN_DIRECT_OBJC_ISA_USAGE = YES_ERROR;
				CLANG_WARN_DOCUMENTATION_COMMENTS = YES;
				CLANG_WARN_EMPTY_BODY = YES;
				CLANG_WARN_ENUM_CONVERSION = YES;
				CLANG_WARN_INFINITE_RECURSION = YES;
				CLANG_WARN_INT_CONVERSION = YES;
				CLANG_WARN_NON_LITERAL_NULL_CONVERSION = YES;
				CLANG_WARN_OBJC_IMPLICIT_RETAIN_SELF = YES;
				CLANG_WARN_OBJC_LITERAL_CONVERSION = YES;
				CLANG_WARN_OBJC_ROOT_CLASS = YES_ERROR;
				CLANG_WARN_QUOTED_INCLUDE_IN_FRAMEWORK_HEADER = YES;
				CLANG_WARN_RANGE_LOOP_ANALYSIS = YES;
				CLANG_WARN_STRICT_PROTOTYPES = YES;
				CLANG_WARN_SUSPICIOUS_MOVE = YES;
				CLANG_WARN_UNGUARDED_AVAILABILITY = YES_AGGRESSIVE;
				CLANG_WARN_UNREACHABLE_CODE = YES;
				CLANG_WARN__DUPLICATE_METHOD_MATCH = YES;
				COPY_PHASE_STRIP = NO;
				DEBUG_INFORMATION_FORMAT = "dwarf-with-dsym";
				DEVELOPMENT_TEAM = XTXQFBJ88M;
				ENABLE_NS_ASSERTIONS = NO;
				ENABLE_STRICT_OBJC_MSGSEND = YES;
				ENABLE_USER_SCRIPT_SANDBOXING = YES;
				GCC_C_LANGUAGE_STANDARD = gnu17;
				GCC_NO_COMMON_BLOCKS = YES;
				GCC_WARN_64_TO_32_BIT_CONVERSION = YES;
				GCC_WARN_ABOUT_RETURN_TYPE = YES_ERROR;
				GCC_WARN_UNDECLARED_SELECTOR = YES;
				GCC_WARN_UNINITIALIZED_AUTOS = YES_AGGRESSIVE;
				GCC_WARN_UNUSED_FUNCTION = YES;
				GCC_WARN_UNUSED_VARIABLE = YES;
				IPHONEOS_DEPLOYMENT_TARGET = 17.2;
				LOCALIZATION_PREFERS_STRING_CATALOGS = YES;
				MTL_ENABLE_DEBUG_INFO = NO;
				MTL_FAST_MATH = YES;
				SDKROOT = iphoneos;
				STRING_CATALOG_GENERATE_SYMBOLS = YES;
				SWIFT_COMPILATION_MODE = wholemodule;
				VALIDATE_PRODUCT = YES;
			};
			name = Release;
		};
		B329D6662B39497A000A17C9 /* Debug */ = {
			isa = XCBuildConfiguration;
			buildSettings = {
				ASSETCATALOG_COMPILER_APPICON_NAME = AppIcon;
				ASSETCATALOG_COMPILER_GLOBAL_ACCENT_COLOR_NAME = AccentColor;
				ASSETCATALOG_COMPILER_INCLUDE_ALL_APPICON_ASSETS = NO;
				"CODE_SIGN_IDENTITY[sdk=macosx*]" = "-";
				CODE_SIGN_STYLE = Automatic;
				CURRENT_PROJECT_VERSION = 1;
				DEVELOPMENT_ASSET_PATHS = "\"Voice Chat/Preview Content\"";
				ENABLE_APP_SANDBOX = YES;
				ENABLE_INCOMING_NETWORK_CONNECTIONS = YES;
				ENABLE_OUTGOING_NETWORK_CONNECTIONS = YES;
				ENABLE_PREVIEWS = YES;
				ENABLE_RESOURCE_ACCESS_AUDIO_INPUT = YES;
				ENABLE_RESOURCE_ACCESS_BLUETOOTH = NO;
				ENABLE_RESOURCE_ACCESS_CALENDARS = NO;
				ENABLE_RESOURCE_ACCESS_CAMERA = NO;
				ENABLE_RESOURCE_ACCESS_CONTACTS = NO;
				ENABLE_RESOURCE_ACCESS_LOCATION = NO;
				ENABLE_RESOURCE_ACCESS_PRINTING = NO;
				ENABLE_RESOURCE_ACCESS_USB = NO;
				GENERATE_INFOPLIST_FILE = YES;
				INFOPLIST_KEY_LSApplicationCategoryType = "public.app-category.utilities";
                            INFOPLIST_KEY_NSMicrophoneUsageDescription = "Use the microphone";
                            INFOPLIST_KEY_NSSpeechRecognitionUsageDescription = "Use speech recognition";
				INFOPLIST_KEY_UIApplicationSceneManifest_Generation = YES;
				INFOPLIST_KEY_UIApplicationSupportsIndirectInputEvents = YES;
				INFOPLIST_KEY_UILaunchScreen_Generation = YES;
				INFOPLIST_KEY_UISupportedInterfaceOrientations_iPad = "UIInterfaceOrientationPortrait UIInterfaceOrientationPortraitUpsideDown UIInterfaceOrientationLandscapeLeft UIInterfaceOrientationLandscapeRight";
				INFOPLIST_KEY_UISupportedInterfaceOrientations_iPhone = "UIInterfaceOrientationPortrait UIInterfaceOrientationLandscapeLeft UIInterfaceOrientationLandscapeRight";
				IPHONEOS_DEPLOYMENT_TARGET = 18.6;
				LD_RUNPATH_SEARCH_PATHS = (
					"$(inherited)",
					"@executable_path/Frameworks",
				);
				MACOSX_DEPLOYMENT_TARGET = 15.6;
				MARKETING_VERSION = 1.0;
				PRODUCT_BUNDLE_IDENTIFIER = "com.Lion-Wu.Voice-Chat";
				PRODUCT_NAME = "$(TARGET_NAME)";
				REGISTER_APP_GROUPS = NO;
				SUPPORTED_PLATFORMS = "iphoneos iphonesimulator macosx";
				SUPPORTS_MACCATALYST = NO;
				SUPPORTS_MAC_DESIGNED_FOR_IPHONE_IPAD = NO;
				SUPPORTS_XR_DESIGNED_FOR_IPHONE_IPAD = NO;
				SWIFT_EMIT_LOC_STRINGS = YES;
				SWIFT_VERSION = 5.0;
				TARGETED_DEVICE_FAMILY = "1,2";
			};
			name = Debug;
		};
		B329D6672B39497A000A17C9 /* Release */ = {
			isa = XCBuildConfiguration;
			buildSettings = {
				ASSETCATALOG_COMPILER_APPICON_NAME = AppIcon;
				ASSETCATALOG_COMPILER_GLOBAL_ACCENT_COLOR_NAME = AccentColor;
				ASSETCATALOG_COMPILER_INCLUDE_ALL_APPICON_ASSETS = NO;
				"CODE_SIGN_IDENTITY[sdk=macosx*]" = "-";
				CODE_SIGN_STYLE = Automatic;
				CURRENT_PROJECT_VERSION = 1;
				DEVELOPMENT_ASSET_PATHS = "\"Voice Chat/Preview Content\"";
				ENABLE_APP_SANDBOX = YES;
				ENABLE_INCOMING_NETWORK_CONNECTIONS = YES;
				ENABLE_OUTGOING_NETWORK_CONNECTIONS = YES;
				ENABLE_PREVIEWS = YES;
				ENABLE_RESOURCE_ACCESS_AUDIO_INPUT = YES;
				ENABLE_RESOURCE_ACCESS_BLUETOOTH = NO;
				ENABLE_RESOURCE_ACCESS_CALENDARS = NO;
				ENABLE_RESOURCE_ACCESS_CAMERA = NO;
				ENABLE_RESOURCE_ACCESS_CONTACTS = NO;
				ENABLE_RESOURCE_ACCESS_LOCATION = NO;
				ENABLE_RESOURCE_ACCESS_PRINTING = NO;
				ENABLE_RESOURCE_ACCESS_USB = NO;
				GENERATE_INFOPLIST_FILE = YES;
				INFOPLIST_KEY_LSApplicationCategoryType = "public.app-category.utilities";
                            INFOPLIST_KEY_NSMicrophoneUsageDescription = "Use the microphone";
                            INFOPLIST_KEY_NSSpeechRecognitionUsageDescription = "Use speech recognition";
				INFOPLIST_KEY_UIApplicationSceneManifest_Generation = YES;
				INFOPLIST_KEY_UIApplicationSupportsIndirectInputEvents = YES;
				INFOPLIST_KEY_UILaunchScreen_Generation = YES;
				INFOPLIST_KEY_UISupportedInterfaceOrientations_iPad = "UIInterfaceOrientationPortrait UIInterfaceOrientationPortraitUpsideDown UIInterfaceOrientationLandscapeLeft UIInterfaceOrientationLandscapeRight";
				INFOPLIST_KEY_UISupportedInterfaceOrientations_iPhone = "UIInterfaceOrientationPortrait UIInterfaceOrientationLandscapeLeft UIInterfaceOrientationLandscapeRight";
				IPHONEOS_DEPLOYMENT_TARGET = 18.6;
				LD_RUNPATH_SEARCH_PATHS = (
					"$(inherited)",
					"@executable_path/Frameworks",
				);
				MACOSX_DEPLOYMENT_TARGET = 15.6;
				MARKETING_VERSION = 1.0;
				PRODUCT_BUNDLE_IDENTIFIER = "com.Lion-Wu.Voice-Chat";
				PRODUCT_NAME = "$(TARGET_NAME)";
				REGISTER_APP_GROUPS = NO;
				SUPPORTED_PLATFORMS = "iphoneos iphonesimulator macosx";
				SUPPORTS_MACCATALYST = NO;
				SUPPORTS_MAC_DESIGNED_FOR_IPHONE_IPAD = NO;
				SUPPORTS_XR_DESIGNED_FOR_IPHONE_IPAD = NO;
				SWIFT_EMIT_LOC_STRINGS = YES;
				SWIFT_VERSION = 5.0;
				TARGETED_DEVICE_FAMILY = "1,2";
			};
			name = Release;
		};
/* End XCBuildConfiguration section */

/* Begin XCConfigurationList section */
		B329D6522B394979000A17C9 /* Build configuration list for PBXProject "Voice Chat" */ = {
			isa = XCConfigurationList;
			buildConfigurations = (
				B329D6632B39497A000A17C9 /* Debug */,
				B329D6642B39497A000A17C9 /* Release */,
			);
			defaultConfigurationIsVisible = 0;
			defaultConfigurationName = Release;
		};
		B329D6652B39497A000A17C9 /* Build configuration list for PBXNativeTarget "Voice Chat" */ = {
			isa = XCConfigurationList;
			buildConfigurations = (
				B329D6662B39497A000A17C9 /* Debug */,
				B329D6672B39497A000A17C9 /* Release */,
			);
			defaultConfigurationIsVisible = 0;
			defaultConfigurationName = Release;
		};
/* End XCConfigurationList section */

/* Begin XCRemoteSwiftPackageReference section */
		FDC41A992E5CA24700735BF1 /* XCRemoteSwiftPackageReference "swift-markdown-ui" */ = {
			isa = XCRemoteSwiftPackageReference;
			repositoryURL = "https://github.com/gonzalezreal/swift-markdown-ui";
			requirement = {
				branch = main;
				kind = branch;
			};
		};
/* End XCRemoteSwiftPackageReference section */

/* Begin XCSwiftPackageProductDependency section */
		FDC41A9A2E5CA24700735BF1 /* MarkdownUI */ = {
			isa = XCSwiftPackageProductDependency;
			package = FDC41A992E5CA24700735BF1 /* XCRemoteSwiftPackageReference "swift-markdown-ui" */;
			productName = MarkdownUI;
		};
/* End XCSwiftPackageProductDependency section */
	};
	rootObject = B329D64F2B394979000A17C9 /* Project object */;
}
